PODS:
  - IQKeyboardManagerSwift (4.0.8)
  - LTMorphingLabel (0.4.0)
  - SnapKit (3.2.0)

DEPENDENCIES:
  - IQKeyboardManagerSwift (~> 4.0.8)
  - LTMorphingLabel (~> 0.4.0)
  - SnapKit (~> 3.2.0)

SPEC CHECKSUMS:
  IQKeyboardManagerSwift: c04bc9f68473823f825eb44d958fce98d921bead
  LTMorphingLabel: d9a85f16ac306f0e07321d6819964deb2dc69638
  SnapKit: 1ca44df72cfa543218d177cb8aab029d10d86ea7

PODFILE CHECKSUM: 5b50f29c8950c9794aff5fb7b46613de51910a76

COCOAPODS: 1.2.0
