// !$*UTF8*$!
{
	archiveVersion = 1;
	classes = {
	};
	objectVersion = 46;
	objects = {

/* Begin PBXBuildFile section */
		1E3B4E62818DD75D0720DA6F /* Pods_TipCalcTodayWidget.framework in Frameworks */ = {isa = PBXBuildFile; fileRef = 8647F5AC6E0E630086317164 /* Pods_TipCalcTodayWidget.framework */; };
		7543E9CCA736443E5922CED6 /* Pods_TipCalc.framework in Frameworks */ = {isa = PBXBuildFile; fileRef = DCB84BBB60B92008B1AA04E5 /* Pods_TipCalc.framework */; };
		76C936E19452062C8F7E98E7 /* Pods_TipCalcKitTests.framework in Frameworks */ = {isa = PBXBuildFile; fileRef = D50407267F33E4C9FDF4AB21 /* Pods_TipCalcKitTests.framework */; };
		770CEE8B6EB4F58373F5F3FB /* Pods_TipCalcKit.framework in Frameworks */ = {isa = PBXBuildFile; fileRef = 3E0B6AE017313575D3D25339 /* Pods_TipCalcKit.framework */; };
		9A069D260367AA797E090DE6 /* Pods_TipCalcUITests.framework in Frameworks */ = {isa = PBXBuildFile; fileRef = 2C67C5547E29F102341034F7 /* Pods_TipCalcUITests.framework */; };
		D74C35BD93A76662980A1C1E /* Pods_TipCalcTests.framework in Frameworks */ = {isa = PBXBuildFile; fileRef = FAC8E3235F8144FA536E3627 /* Pods_TipCalcTests.framework */; };
		E90EE0631E77330A00B15F31 /* BillView.swift in Sources */ = {isa = PBXBuildFile; fileRef = E90EE0621E77330A00B15F31 /* BillView.swift */; };
		E90EE0651E774BD400B15F31 /* BillContentView.xib in Resources */ = {isa = PBXBuildFile; fileRef = E90EE0641E774BD400B15F31 /* BillContentView.xib */; };
		E9286F961E78CD2700784E2B /* about.html in Resources */ = {isa = PBXBuildFile; fileRef = E9286F861E78CD2700784E2B /* about.html */; };
		E9286F971E78CD2700784E2B /* bootstrap-theme.css in Resources */ = {isa = PBXBuildFile; fileRef = E9286F891E78CD2700784E2B /* bootstrap-theme.css */; };
		E9286F981E78CD2700784E2B /* bootstrap-theme.min.css in Resources */ = {isa = PBXBuildFile; fileRef = E9286F8B1E78CD2700784E2B /* bootstrap-theme.min.css */; };
		E9286F991E78CD2700784E2B /* bootstrap.css in Resources */ = {isa = PBXBuildFile; fileRef = E9286F8D1E78CD2700784E2B /* bootstrap.css */; };
		E9286F9A1E78CD2700784E2B /* bootstrap.min.css in Resources */ = {isa = PBXBuildFile; fileRef = E9286F8F1E78CD2700784E2B /* bootstrap.min.css */; };
		E9286F9B1E78CD2700784E2B /* bootstrap.js in Resources */ = {isa = PBXBuildFile; fileRef = E9286F921E78CD2700784E2B /* bootstrap.js */; };
		E9286F9C1E78CD2700784E2B /* bootstrap.min.js in Resources */ = {isa = PBXBuildFile; fileRef = E9286F931E78CD2700784E2B /* bootstrap.min.js */; };
		E9286F9D1E78CD2700784E2B /* jquery.js in Resources */ = {isa = PBXBuildFile; fileRef = E9286F941E78CD2700784E2B /* jquery.js */; };
		E9286F9E1E78CD2700784E2B /* npm.js in Resources */ = {isa = PBXBuildFile; fileRef = E9286F951E78CD2700784E2B /* npm.js */; };
		E9286FA01E78D07F00784E2B /* AppIcon.png in Resources */ = {isa = PBXBuildFile; fileRef = E9286F9F1E78D07F00784E2B /* AppIcon.png */; };
		E9416AD51E771A6600EA17AD /* BillViewController.swift in Sources */ = {isa = PBXBuildFile; fileRef = E9416AD41E771A6600EA17AD /* BillViewController.swift */; };
		E9628CCA1E709555008C9BF6 /* TipCalcDataManager.swift in Sources */ = {isa = PBXBuildFile; fileRef = E9628CC91E709555008C9BF6 /* TipCalcDataManager.swift */; };
		E9628CCB1E70955A008C9BF6 /* TipCalcDataManager.swift in Sources */ = {isa = PBXBuildFile; fileRef = E9628CC91E709555008C9BF6 /* TipCalcDataManager.swift */; };
		E9628CCC1E70955C008C9BF6 /* TipCalcDataManager.swift in Sources */ = {isa = PBXBuildFile; fileRef = E9628CC91E709555008C9BF6 /* TipCalcDataManager.swift */; };
		E9628CCE1E7097CD008C9BF6 /* FlatColors.swift in Sources */ = {isa = PBXBuildFile; fileRef = E9628CCD1E7097CD008C9BF6 /* FlatColors.swift */; };
		E9628CCF1E709849008C9BF6 /* FlatColors.swift in Sources */ = {isa = PBXBuildFile; fileRef = E9628CCD1E7097CD008C9BF6 /* FlatColors.swift */; };
		E9628CD01E70984A008C9BF6 /* FlatColors.swift in Sources */ = {isa = PBXBuildFile; fileRef = E9628CCD1E7097CD008C9BF6 /* FlatColors.swift */; };
		E9628CD21E70991E008C9BF6 /* SettingViewController.swift in Sources */ = {isa = PBXBuildFile; fileRef = E9628CD11E70991E008C9BF6 /* SettingViewController.swift */; };
		E969E6531E79F677007D07F4 /* Settings.bundle in Resources */ = {isa = PBXBuildFile; fileRef = E969E6521E79F677007D07F4 /* Settings.bundle */; };
		E9A0D5981E9114BA000A1067 /* StatisticsUtility.swift in Sources */ = {isa = PBXBuildFile; fileRef = E9A0D5971E9114BA000A1067 /* StatisticsUtility.swift */; };
		E9C5D3111E8DFD38001007EF /* DatabaseUtility.swift in Sources */ = {isa = PBXBuildFile; fileRef = E9C5D3101E8DFD38001007EF /* DatabaseUtility.swift */; };
		E9C5D3151E8F2F60001007EF /* BillsContainerViewController.swift in Sources */ = {isa = PBXBuildFile; fileRef = E9C5D3141E8F2F60001007EF /* BillsContainerViewController.swift */; };
		E9C5D3171E8F2FBD001007EF /* RecordsTableViewController.swift in Sources */ = {isa = PBXBuildFile; fileRef = E9C5D3161E8F2FBD001007EF /* RecordsTableViewController.swift */; };
		E9C5D3191E8F301B001007EF /* StatisticsTableViewController.swift in Sources */ = {isa = PBXBuildFile; fileRef = E9C5D3181E8F301B001007EF /* StatisticsTableViewController.swift */; };
		E9C5D31C1E8F718F001007EF /* RecordsTableViewCell.swift in Sources */ = {isa = PBXBuildFile; fileRef = E9C5D31A1E8F718F001007EF /* RecordsTableViewCell.swift */; };
		E9C5D31D1E8F718F001007EF /* RecordsTableViewCell.xib in Resources */ = {isa = PBXBuildFile; fileRef = E9C5D31B1E8F718F001007EF /* RecordsTableViewCell.xib */; };
		E9C5D31F1E8F8208001007EF /* RecordDetailViewController.swift in Sources */ = {isa = PBXBuildFile; fileRef = E9C5D31E1E8F8208001007EF /* RecordDetailViewController.swift */; };
		E9C5D3211E8FB01C001007EF /* MsgDisplay.swift in Sources */ = {isa = PBXBuildFile; fileRef = E9C5D3201E8FB01C001007EF /* MsgDisplay.swift */; };
		E9C63A8A1E738C2400258574 /* TipCalcViewController.swift in Sources */ = {isa = PBXBuildFile; fileRef = E9C63A891E738C2400258574 /* TipCalcViewController.swift */; };
		E9C63A8C1E74AD3400258574 /* AboutViewController.swift in Sources */ = {isa = PBXBuildFile; fileRef = E9C63A8B1E74AD3400258574 /* AboutViewController.swift */; };
		E9C73CB71E7628A300D90405 /* BillItem.swift in Sources */ = {isa = PBXBuildFile; fileRef = E9C73CB61E7628A300D90405 /* BillItem.swift */; };
		E9C73CB81E7628A600D90405 /* BillItem.swift in Sources */ = {isa = PBXBuildFile; fileRef = E9C73CB61E7628A300D90405 /* BillItem.swift */; };
		E9C73CB91E7628A800D90405 /* BillItem.swift in Sources */ = {isa = PBXBuildFile; fileRef = E9C73CB61E7628A300D90405 /* BillItem.swift */; };
		E9D031311E707E6000C720B4 /* TodayActualViewController.swift in Sources */ = {isa = PBXBuildFile; fileRef = E9D0312F1E707E6000C720B4 /* TodayActualViewController.swift */; };
		E9D031341E70863600C720B4 /* TodayActualViewController.xib in Resources */ = {isa = PBXBuildFile; fileRef = E9D031331E70863600C720B4 /* TodayActualViewController.xib */; };
		E9DDA0C21E6F90770080F791 /* AppDelegate.swift in Sources */ = {isa = PBXBuildFile; fileRef = E9DDA0C11E6F90770080F791 /* AppDelegate.swift */; };
		E9DDA0C71E6F90770080F791 /* Main.storyboard in Resources */ = {isa = PBXBuildFile; fileRef = E9DDA0C51E6F90770080F791 /* Main.storyboard */; };
		E9DDA0C91E6F90770080F791 /* Assets.xcassets in Resources */ = {isa = PBXBuildFile; fileRef = E9DDA0C81E6F90770080F791 /* Assets.xcassets */; };
		E9DDA0CC1E6F90770080F791 /* LaunchScreen.storyboard in Resources */ = {isa = PBXBuildFile; fileRef = E9DDA0CA1E6F90770080F791 /* LaunchScreen.storyboard */; };
		E9DDA0D71E6F90770080F791 /* TipCalcTests.swift in Sources */ = {isa = PBXBuildFile; fileRef = E9DDA0D61E6F90770080F791 /* TipCalcTests.swift */; };
		E9DDA0E21E6F90770080F791 /* TipCalcUITests.swift in Sources */ = {isa = PBXBuildFile; fileRef = E9DDA0E11E6F90770080F791 /* TipCalcUITests.swift */; };
		E9DDA0F51E6F92DE0080F791 /* NotificationCenter.framework in Frameworks */ = {isa = PBXBuildFile; fileRef = E9DDA0F41E6F92DE0080F791 /* NotificationCenter.framework */; };
		E9DDA0F81E6F92DE0080F791 /* TodayViewController.swift in Sources */ = {isa = PBXBuildFile; fileRef = E9DDA0F71E6F92DE0080F791 /* TodayViewController.swift */; };
		E9DDA0FF1E6F92DE0080F791 /* TipCalcTodayWidget.appex in Embed App Extensions */ = {isa = PBXBuildFile; fileRef = E9DDA0F31E6F92DE0080F791 /* TipCalcTodayWidget.appex */; settings = {ATTRIBUTES = (RemoveHeadersOnCopy, ); }; };
		E9DDA1121E6F92FF0080F791 /* TipCalcKit.framework in Frameworks */ = {isa = PBXBuildFile; fileRef = E9DDA1091E6F92FF0080F791 /* TipCalcKit.framework */; };
		E9DDA1191E6F92FF0080F791 /* TipCalcKitTests.swift in Sources */ = {isa = PBXBuildFile; fileRef = E9DDA1181E6F92FF0080F791 /* TipCalcKitTests.swift */; };
		E9DDA11B1E6F92FF0080F791 /* TipCalcKit.h in Headers */ = {isa = PBXBuildFile; fileRef = E9DDA10B1E6F92FF0080F791 /* TipCalcKit.h */; settings = {ATTRIBUTES = (Public, ); }; };
		E9DDA11E1E6F92FF0080F791 /* TipCalcKit.framework in Frameworks */ = {isa = PBXBuildFile; fileRef = E9DDA1091E6F92FF0080F791 /* TipCalcKit.framework */; };
		E9DDA11F1E6F92FF0080F791 /* TipCalcKit.framework in Embed Frameworks */ = {isa = PBXBuildFile; fileRef = E9DDA1091E6F92FF0080F791 /* TipCalcKit.framework */; settings = {ATTRIBUTES = (CodeSignOnCopy, RemoveHeadersOnCopy, ); }; };
		E9DDA1321E6FB2280080F791 /* MainInterface.storyboard in Resources */ = {isa = PBXBuildFile; fileRef = E9DDA1311E6FB2280080F791 /* MainInterface.storyboard */; };
		E9DDA1341E6FBBC60080F791 /* TipCalculator.swift in Sources */ = {isa = PBXBuildFile; fileRef = E9DDA1331E6FBBC60080F791 /* TipCalculator.swift */; };
		E9DDA1361E6FC5110080F791 /* TipCalcKit.framework in Frameworks */ = {isa = PBXBuildFile; fileRef = E9DDA1091E6F92FF0080F791 /* TipCalcKit.framework */; };
		E9DDA1391E6FC5DE0080F791 /* TipCalculator.swift in Sources */ = {isa = PBXBuildFile; fileRef = E9DDA1331E6FBBC60080F791 /* TipCalculator.swift */; };
		E9DDA13B1E6FCC000080F791 /* TipCalculator.swift in Sources */ = {isa = PBXBuildFile; fileRef = E9DDA1331E6FBBC60080F791 /* TipCalculator.swift */; };
		E9E0CF501FCD6466004A6DE5 /* Interface.storyboard in Resources */ = {isa = PBXBuildFile; fileRef = E9E0CF4E1FCD6466004A6DE5 /* Interface.storyboard */; };
		E9E0CF521FCD6466004A6DE5 /* Assets.xcassets in Resources */ = {isa = PBXBuildFile; fileRef = E9E0CF511FCD6466004A6DE5 /* Assets.xcassets */; };
		E9E0CF591FCD6466004A6DE5 /* TipCalcWatch Extension.appex in Embed App Extensions */ = {isa = PBXBuildFile; fileRef = E9E0CF581FCD6466004A6DE5 /* TipCalcWatch Extension.appex */; settings = {ATTRIBUTES = (RemoveHeadersOnCopy, ); }; };
		E9E0CF5E1FCD6466004A6DE5 /* InterfaceController.swift in Sources */ = {isa = PBXBuildFile; fileRef = E9E0CF5D1FCD6466004A6DE5 /* InterfaceController.swift */; };
		E9E0CF601FCD6466004A6DE5 /* ExtensionDelegate.swift in Sources */ = {isa = PBXBuildFile; fileRef = E9E0CF5F1FCD6466004A6DE5 /* ExtensionDelegate.swift */; };
		E9E0CF621FCD6466004A6DE5 /* NotificationController.swift in Sources */ = {isa = PBXBuildFile; fileRef = E9E0CF611FCD6466004A6DE5 /* NotificationController.swift */; };
		E9E0CF641FCD6466004A6DE5 /* Assets.xcassets in Resources */ = {isa = PBXBuildFile; fileRef = E9E0CF631FCD6466004A6DE5 /* Assets.xcassets */; };
		E9E0CF691FCD6466004A6DE5 /* TipCalcWatch.app in Embed Watch Content */ = {isa = PBXBuildFile; fileRef = E9E0CF4C1FCD6466004A6DE5 /* TipCalcWatch.app */; };
		E9E0CF721FCDD210004A6DE5 /* TipCalculator.swift in Sources */ = {isa = PBXBuildFile; fileRef = E9DDA1331E6FBBC60080F791 /* TipCalculator.swift */; };
		E9E0CF741FCDD218004A6DE5 /* BillItem.swift in Sources */ = {isa = PBXBuildFile; fileRef = E9C73CB61E7628A300D90405 /* BillItem.swift */; };
		E9E0CF771FCDD388004A6DE5 /* TipCalcDataManager.swift in Sources */ = {isa = PBXBuildFile; fileRef = E9628CC91E709555008C9BF6 /* TipCalcDataManager.swift */; };
		E9E0CF791FCDD4D5004A6DE5 /* UIShare.swift in Sources */ = {isa = PBXBuildFile; fileRef = E9E0CF781FCDD4D5004A6DE5 /* UIShare.swift */; };
		E9E0CF7A1FCDD4D5004A6DE5 /* UIShare.swift in Sources */ = {isa = PBXBuildFile; fileRef = E9E0CF781FCDD4D5004A6DE5 /* UIShare.swift */; };
		E9E0CF7B1FCDD4D5004A6DE5 /* UIShare.swift in Sources */ = {isa = PBXBuildFile; fileRef = E9E0CF781FCDD4D5004A6DE5 /* UIShare.swift */; };
		E9E0CF7C1FCDD4E4004A6DE5 /* FlatColors.swift in Sources */ = {isa = PBXBuildFile; fileRef = E9628CCD1E7097CD008C9BF6 /* FlatColors.swift */; };
/* End PBXBuildFile section */

/* Begin PBXContainerItemProxy section */
		E9DDA0D31E6F90770080F791 /* PBXContainerItemProxy */ = {
			isa = PBXContainerItemProxy;
			containerPortal = E9DDA0B61E6F90770080F791 /* Project object */;
			proxyType = 1;
			remoteGlobalIDString = E9DDA0BD1E6F90770080F791;
			remoteInfo = TipCalc;
		};
		E9DDA0DE1E6F90770080F791 /* PBXContainerItemProxy */ = {
			isa = PBXContainerItemProxy;
			containerPortal = E9DDA0B61E6F90770080F791 /* Project object */;
			proxyType = 1;
			remoteGlobalIDString = E9DDA0BD1E6F90770080F791;
			remoteInfo = TipCalc;
		};
		E9DDA0FD1E6F92DE0080F791 /* PBXContainerItemProxy */ = {
			isa = PBXContainerItemProxy;
			containerPortal = E9DDA0B61E6F90770080F791 /* Project object */;
			proxyType = 1;
			remoteGlobalIDString = E9DDA0F21E6F92DE0080F791;
			remoteInfo = TipCalcTodayWidget;
		};
		E9DDA1131E6F92FF0080F791 /* PBXContainerItemProxy */ = {
			isa = PBXContainerItemProxy;
			containerPortal = E9DDA0B61E6F90770080F791 /* Project object */;
			proxyType = 1;
			remoteGlobalIDString = E9DDA1081E6F92FF0080F791;
			remoteInfo = TipCalcKit;
		};
		E9DDA1151E6F92FF0080F791 /* PBXContainerItemProxy */ = {
			isa = PBXContainerItemProxy;
			containerPortal = E9DDA0B61E6F90770080F791 /* Project object */;
			proxyType = 1;
			remoteGlobalIDString = E9DDA0BD1E6F90770080F791;
			remoteInfo = TipCalc;
		};
		E9DDA11C1E6F92FF0080F791 /* PBXContainerItemProxy */ = {
			isa = PBXContainerItemProxy;
			containerPortal = E9DDA0B61E6F90770080F791 /* Project object */;
			proxyType = 1;
			remoteGlobalIDString = E9DDA1081E6F92FF0080F791;
			remoteInfo = TipCalcKit;
		};
		E9E0CF5A1FCD6466004A6DE5 /* PBXContainerItemProxy */ = {
			isa = PBXContainerItemProxy;
			containerPortal = E9DDA0B61E6F90770080F791 /* Project object */;
			proxyType = 1;
			remoteGlobalIDString = E9E0CF571FCD6466004A6DE5;
			remoteInfo = "TipCalcWatch Extension";
		};
		E9E0CF671FCD6466004A6DE5 /* PBXContainerItemProxy */ = {
			isa = PBXContainerItemProxy;
			containerPortal = E9DDA0B61E6F90770080F791 /* Project object */;
			proxyType = 1;
			remoteGlobalIDString = E9E0CF4B1FCD6466004A6DE5;
			remoteInfo = TipCalcWatch;
		};
/* End PBXContainerItemProxy section */

/* Begin PBXCopyFilesBuildPhase section */
		E9DDA1031E6F92DE0080F791 /* Embed App Extensions */ = {
			isa = PBXCopyFilesBuildPhase;
			buildActionMask = 2147483647;
			dstPath = "";
			dstSubfolderSpec = 13;
			files = (
				E9DDA0FF1E6F92DE0080F791 /* TipCalcTodayWidget.appex in Embed App Extensions */,
			);
			name = "Embed App Extensions";
			runOnlyForDeploymentPostprocessing = 0;
		};
		E9DDA1231E6F92FF0080F791 /* Embed Frameworks */ = {
			isa = PBXCopyFilesBuildPhase;
			buildActionMask = 2147483647;
			dstPath = "";
			dstSubfolderSpec = 10;
			files = (
				E9DDA11F1E6F92FF0080F791 /* TipCalcKit.framework in Embed Frameworks */,
			);
			name = "Embed Frameworks";
			runOnlyForDeploymentPostprocessing = 0;
		};
		E9E0CF6F1FCD6466004A6DE5 /* Embed App Extensions */ = {
			isa = PBXCopyFilesBuildPhase;
			buildActionMask = 2147483647;
			dstPath = "";
			dstSubfolderSpec = 13;
			files = (
				E9E0CF591FCD6466004A6DE5 /* TipCalcWatch Extension.appex in Embed App Extensions */,
			);
			name = "Embed App Extensions";
			runOnlyForDeploymentPostprocessing = 0;
		};
		E9E0CF711FCD6466004A6DE5 /* Embed Watch Content */ = {
			isa = PBXCopyFilesBuildPhase;
			buildActionMask = 2147483647;
			dstPath = "$(CONTENTS_FOLDER_PATH)/Watch";
			dstSubfolderSpec = 16;
			files = (
				E9E0CF691FCD6466004A6DE5 /* TipCalcWatch.app in Embed Watch Content */,
			);
			name = "Embed Watch Content";
			runOnlyForDeploymentPostprocessing = 0;
		};
/* End PBXCopyFilesBuildPhase section */

/* Begin PBXFileReference section */
		182C85EC010D7C4883BA9B20 /* Pods-TipCalcTests.release.xcconfig */ = {isa = PBXFileReference; includeInIndex = 1; lastKnownFileType = text.xcconfig; name = "Pods-TipCalcTests.release.xcconfig"; path = "Pods/Target Support Files/Pods-TipCalcTests/Pods-TipCalcTests.release.xcconfig"; sourceTree = "<group>"; };
		1BE60E5FC51D0AD6BE14272D /* Pods-TipCalcWatch Extension.release.xcconfig */ = {isa = PBXFileReference; includeInIndex = 1; lastKnownFileType = text.xcconfig; name = "Pods-TipCalcWatch Extension.release.xcconfig"; path = "Pods/Target Support Files/Pods-TipCalcWatch Extension/Pods-TipCalcWatch Extension.release.xcconfig"; sourceTree = "<group>"; };
		2C67C5547E29F102341034F7 /* Pods_TipCalcUITests.framework */ = {isa = PBXFileReference; explicitFileType = wrapper.framework; includeInIndex = 0; path = Pods_TipCalcUITests.framework; sourceTree = BUILT_PRODUCTS_DIR; };
		2D86C034A1001CDA1570A07F /* Pods-TipCalcKit.release.xcconfig */ = {isa = PBXFileReference; includeInIndex = 1; lastKnownFileType = text.xcconfig; name = "Pods-TipCalcKit.release.xcconfig"; path = "Pods/Target Support Files/Pods-TipCalcKit/Pods-TipCalcKit.release.xcconfig"; sourceTree = "<group>"; };
		2D8DC9E00AA70A686FB5029A /* Pods-TipCalcWatch Extension.debug.xcconfig */ = {isa = PBXFileReference; includeInIndex = 1; lastKnownFileType = text.xcconfig; name = "Pods-TipCalcWatch Extension.debug.xcconfig"; path = "Pods/Target Support Files/Pods-TipCalcWatch Extension/Pods-TipCalcWatch Extension.debug.xcconfig"; sourceTree = "<group>"; };
		38D5F17AB73B50DBC94EC5F9 /* Pods-TipCalcTodayWidget.release.xcconfig */ = {isa = PBXFileReference; includeInIndex = 1; lastKnownFileType = text.xcconfig; name = "Pods-TipCalcTodayWidget.release.xcconfig"; path = "Pods/Target Support Files/Pods-TipCalcTodayWidget/Pods-TipCalcTodayWidget.release.xcconfig"; sourceTree = "<group>"; };
		3E0B6AE017313575D3D25339 /* Pods_TipCalcKit.framework */ = {isa = PBXFileReference; explicitFileType = wrapper.framework; includeInIndex = 0; path = Pods_TipCalcKit.framework; sourceTree = BUILT_PRODUCTS_DIR; };
		50EC9487D3F050F9912A6EAF /* libPods-TipCalcWatch Extension.a */ = {isa = PBXFileReference; explicitFileType = archive.ar; includeInIndex = 0; path = "libPods-TipCalcWatch Extension.a"; sourceTree = BUILT_PRODUCTS_DIR; };
		57FC2D6291D242ADD7621873 /* Pods-TipCalcUITests.release.xcconfig */ = {isa = PBXFileReference; includeInIndex = 1; lastKnownFileType = text.xcconfig; name = "Pods-TipCalcUITests.release.xcconfig"; path = "Pods/Target Support Files/Pods-TipCalcUITests/Pods-TipCalcUITests.release.xcconfig"; sourceTree = "<group>"; };
		5A0CA3FF129CE6E07D59ECDA /* Pods-TipCalcKitTests.release.xcconfig */ = {isa = PBXFileReference; includeInIndex = 1; lastKnownFileType = text.xcconfig; name = "Pods-TipCalcKitTests.release.xcconfig"; path = "Pods/Target Support Files/Pods-TipCalcKitTests/Pods-TipCalcKitTests.release.xcconfig"; sourceTree = "<group>"; };
		5AF6D854F2A5F3474F977C74 /* Pods_TipCalcWatch.framework */ = {isa = PBXFileReference; explicitFileType = wrapper.framework; includeInIndex = 0; path = Pods_TipCalcWatch.framework; sourceTree = BUILT_PRODUCTS_DIR; };
		63A5B5649418F99ED29DF4CE /* Pods_TipCalcWatch_TipCalcWatchExtension.framework */ = {isa = PBXFileReference; explicitFileType = wrapper.framework; includeInIndex = 0; path = Pods_TipCalcWatch_TipCalcWatchExtension.framework; sourceTree = BUILT_PRODUCTS_DIR; };
		784BA7D0704B2C427B4A1CAC /* Pods-TipCalcKit.debug.xcconfig */ = {isa = PBXFileReference; includeInIndex = 1; lastKnownFileType = text.xcconfig; name = "Pods-TipCalcKit.debug.xcconfig"; path = "Pods/Target Support Files/Pods-TipCalcKit/Pods-TipCalcKit.debug.xcconfig"; sourceTree = "<group>"; };
		8647F5AC6E0E630086317164 /* Pods_TipCalcTodayWidget.framework */ = {isa = PBXFileReference; explicitFileType = wrapper.framework; includeInIndex = 0; path = Pods_TipCalcTodayWidget.framework; sourceTree = BUILT_PRODUCTS_DIR; };
		961FC59749B82B21F3F26278 /* Pods-TipCalc.release.xcconfig */ = {isa = PBXFileReference; includeInIndex = 1; lastKnownFileType = text.xcconfig; name = "Pods-TipCalc.release.xcconfig"; path = "Pods/Target Support Files/Pods-TipCalc/Pods-TipCalc.release.xcconfig"; sourceTree = "<group>"; };
		A7B8B6571C0B6BA64BA15FA6 /* Pods-TipCalcTests.debug.xcconfig */ = {isa = PBXFileReference; includeInIndex = 1; lastKnownFileType = text.xcconfig; name = "Pods-TipCalcTests.debug.xcconfig"; path = "Pods/Target Support Files/Pods-TipCalcTests/Pods-TipCalcTests.debug.xcconfig"; sourceTree = "<group>"; };
		AE0A8661147BB91C42A2AC36 /* Pods-TipCalc.debug.xcconfig */ = {isa = PBXFileReference; includeInIndex = 1; lastKnownFileType = text.xcconfig; name = "Pods-TipCalc.debug.xcconfig"; path = "Pods/Target Support Files/Pods-TipCalc/Pods-TipCalc.debug.xcconfig"; sourceTree = "<group>"; };
		C288B59739FE6F3D6B175D89 /* Pods-TipCalcKitTests.debug.xcconfig */ = {isa = PBXFileReference; includeInIndex = 1; lastKnownFileType = text.xcconfig; name = "Pods-TipCalcKitTests.debug.xcconfig"; path = "Pods/Target Support Files/Pods-TipCalcKitTests/Pods-TipCalcKitTests.debug.xcconfig"; sourceTree = "<group>"; };
		D41CB37794D3361F50D4F505 /* Pods-TipCalcTodayWidget.debug.xcconfig */ = {isa = PBXFileReference; includeInIndex = 1; lastKnownFileType = text.xcconfig; name = "Pods-TipCalcTodayWidget.debug.xcconfig"; path = "Pods/Target Support Files/Pods-TipCalcTodayWidget/Pods-TipCalcTodayWidget.debug.xcconfig"; sourceTree = "<group>"; };
		D50407267F33E4C9FDF4AB21 /* Pods_TipCalcKitTests.framework */ = {isa = PBXFileReference; explicitFileType = wrapper.framework; includeInIndex = 0; path = Pods_TipCalcKitTests.framework; sourceTree = BUILT_PRODUCTS_DIR; };
		DCB84BBB60B92008B1AA04E5 /* Pods_TipCalc.framework */ = {isa = PBXFileReference; explicitFileType = wrapper.framework; includeInIndex = 0; path = Pods_TipCalc.framework; sourceTree = BUILT_PRODUCTS_DIR; };
		E90EE0621E77330A00B15F31 /* BillView.swift */ = {isa = PBXFileReference; fileEncoding = 4; lastKnownFileType = sourcecode.swift; path = BillView.swift; sourceTree = "<group>"; };
		E90EE0641E774BD400B15F31 /* BillContentView.xib */ = {isa = PBXFileReference; fileEncoding = 4; lastKnownFileType = file.xib; path = BillContentView.xib; sourceTree = "<group>"; };
		E9286F861E78CD2700784E2B /* about.html */ = {isa = PBXFileReference; fileEncoding = 4; lastKnownFileType = text.html; path = about.html; sourceTree = "<group>"; };
		E9286F891E78CD2700784E2B /* bootstrap-theme.css */ = {isa = PBXFileReference; fileEncoding = 4; lastKnownFileType = text.css; path = "bootstrap-theme.css"; sourceTree = "<group>"; };
		E9286F8A1E78CD2700784E2B /* bootstrap-theme.css.map */ = {isa = PBXFileReference; fileEncoding = 4; lastKnownFileType = "sourcecode.module-map"; path = "bootstrap-theme.css.map"; sourceTree = "<group>"; };
		E9286F8B1E78CD2700784E2B /* bootstrap-theme.min.css */ = {isa = PBXFileReference; fileEncoding = 4; lastKnownFileType = text.css; path = "bootstrap-theme.min.css"; sourceTree = "<group>"; };
		E9286F8C1E78CD2700784E2B /* bootstrap-theme.min.css.map */ = {isa = PBXFileReference; fileEncoding = 4; lastKnownFileType = "sourcecode.module-map"; path = "bootstrap-theme.min.css.map"; sourceTree = "<group>"; };
		E9286F8D1E78CD2700784E2B /* bootstrap.css */ = {isa = PBXFileReference; fileEncoding = 4; lastKnownFileType = text.css; path = bootstrap.css; sourceTree = "<group>"; };
		E9286F8E1E78CD2700784E2B /* bootstrap.css.map */ = {isa = PBXFileReference; fileEncoding = 4; lastKnownFileType = "sourcecode.module-map"; path = bootstrap.css.map; sourceTree = "<group>"; };
		E9286F8F1E78CD2700784E2B /* bootstrap.min.css */ = {isa = PBXFileReference; fileEncoding = 4; lastKnownFileType = text.css; path = bootstrap.min.css; sourceTree = "<group>"; };
		E9286F901E78CD2700784E2B /* bootstrap.min.css.map */ = {isa = PBXFileReference; fileEncoding = 4; lastKnownFileType = "sourcecode.module-map"; path = bootstrap.min.css.map; sourceTree = "<group>"; };
		E9286F921E78CD2700784E2B /* bootstrap.js */ = {isa = PBXFileReference; fileEncoding = 4; lastKnownFileType = sourcecode.javascript; path = bootstrap.js; sourceTree = "<group>"; };
		E9286F931E78CD2700784E2B /* bootstrap.min.js */ = {isa = PBXFileReference; fileEncoding = 4; lastKnownFileType = sourcecode.javascript; path = bootstrap.min.js; sourceTree = "<group>"; };
		E9286F941E78CD2700784E2B /* jquery.js */ = {isa = PBXFileReference; fileEncoding = 4; lastKnownFileType = sourcecode.javascript; path = jquery.js; sourceTree = "<group>"; };
		E9286F951E78CD2700784E2B /* npm.js */ = {isa = PBXFileReference; fileEncoding = 4; lastKnownFileType = sourcecode.javascript; path = npm.js; sourceTree = "<group>"; };
		E9286F9F1E78D07F00784E2B /* AppIcon.png */ = {isa = PBXFileReference; lastKnownFileType = image.png; path = AppIcon.png; sourceTree = "<group>"; };
		E9416AD41E771A6600EA17AD /* BillViewController.swift */ = {isa = PBXFileReference; fileEncoding = 4; lastKnownFileType = sourcecode.swift; path = BillViewController.swift; sourceTree = "<group>"; };
		E9628CC91E709555008C9BF6 /* TipCalcDataManager.swift */ = {isa = PBXFileReference; fileEncoding = 4; lastKnownFileType = sourcecode.swift; path = TipCalcDataManager.swift; sourceTree = "<group>"; };
		E9628CCD1E7097CD008C9BF6 /* FlatColors.swift */ = {isa = PBXFileReference; fileEncoding = 4; lastKnownFileType = sourcecode.swift; path = FlatColors.swift; sourceTree = "<group>"; };
		E9628CD11E70991E008C9BF6 /* SettingViewController.swift */ = {isa = PBXFileReference; fileEncoding = 4; lastKnownFileType = sourcecode.swift; path = SettingViewController.swift; sourceTree = "<group>"; };
		E969E6521E79F677007D07F4 /* Settings.bundle */ = {isa = PBXFileReference; lastKnownFileType = "wrapper.plug-in"; path = Settings.bundle; sourceTree = "<group>"; };
		E9A0D5971E9114BA000A1067 /* StatisticsUtility.swift */ = {isa = PBXFileReference; fileEncoding = 4; lastKnownFileType = sourcecode.swift; path = StatisticsUtility.swift; sourceTree = "<group>"; };
		E9C5D3101E8DFD38001007EF /* DatabaseUtility.swift */ = {isa = PBXFileReference; fileEncoding = 4; lastKnownFileType = sourcecode.swift; path = DatabaseUtility.swift; sourceTree = "<group>"; };
		E9C5D3141E8F2F60001007EF /* BillsContainerViewController.swift */ = {isa = PBXFileReference; fileEncoding = 4; lastKnownFileType = sourcecode.swift; path = BillsContainerViewController.swift; sourceTree = "<group>"; };
		E9C5D3161E8F2FBD001007EF /* RecordsTableViewController.swift */ = {isa = PBXFileReference; fileEncoding = 4; lastKnownFileType = sourcecode.swift; path = RecordsTableViewController.swift; sourceTree = "<group>"; };
		E9C5D3181E8F301B001007EF /* StatisticsTableViewController.swift */ = {isa = PBXFileReference; fileEncoding = 4; lastKnownFileType = sourcecode.swift; path = StatisticsTableViewController.swift; sourceTree = "<group>"; };
		E9C5D31A1E8F718F001007EF /* RecordsTableViewCell.swift */ = {isa = PBXFileReference; fileEncoding = 4; lastKnownFileType = sourcecode.swift; path = RecordsTableViewCell.swift; sourceTree = "<group>"; };
		E9C5D31B1E8F718F001007EF /* RecordsTableViewCell.xib */ = {isa = PBXFileReference; fileEncoding = 4; lastKnownFileType = file.xib; path = RecordsTableViewCell.xib; sourceTree = "<group>"; };
		E9C5D31E1E8F8208001007EF /* RecordDetailViewController.swift */ = {isa = PBXFileReference; fileEncoding = 4; lastKnownFileType = sourcecode.swift; path = RecordDetailViewController.swift; sourceTree = "<group>"; };
		E9C5D3201E8FB01C001007EF /* MsgDisplay.swift */ = {isa = PBXFileReference; fileEncoding = 4; lastKnownFileType = sourcecode.swift; path = MsgDisplay.swift; sourceTree = "<group>"; };
		E9C63A891E738C2400258574 /* TipCalcViewController.swift */ = {isa = PBXFileReference; fileEncoding = 4; lastKnownFileType = sourcecode.swift; path = TipCalcViewController.swift; sourceTree = "<group>"; };
		E9C63A8B1E74AD3400258574 /* AboutViewController.swift */ = {isa = PBXFileReference; fileEncoding = 4; lastKnownFileType = sourcecode.swift; path = AboutViewController.swift; sourceTree = "<group>"; };
		E9C73CB61E7628A300D90405 /* BillItem.swift */ = {isa = PBXFileReference; fileEncoding = 4; lastKnownFileType = sourcecode.swift; path = BillItem.swift; sourceTree = "<group>"; };
		E9D0312F1E707E6000C720B4 /* TodayActualViewController.swift */ = {isa = PBXFileReference; fileEncoding = 4; lastKnownFileType = sourcecode.swift; path = TodayActualViewController.swift; sourceTree = "<group>"; };
		E9D031331E70863600C720B4 /* TodayActualViewController.xib */ = {isa = PBXFileReference; fileEncoding = 4; lastKnownFileType = file.xib; path = TodayActualViewController.xib; sourceTree = "<group>"; };
		E9DDA0BE1E6F90770080F791 /* TipCalc.app */ = {isa = PBXFileReference; explicitFileType = wrapper.application; includeInIndex = 0; path = TipCalc.app; sourceTree = BUILT_PRODUCTS_DIR; };
		E9DDA0C11E6F90770080F791 /* AppDelegate.swift */ = {isa = PBXFileReference; lastKnownFileType = sourcecode.swift; path = AppDelegate.swift; sourceTree = "<group>"; };
		E9DDA0C61E6F90770080F791 /* Base */ = {isa = PBXFileReference; lastKnownFileType = file.storyboard; name = Base; path = Base.lproj/Main.storyboard; sourceTree = "<group>"; };
		E9DDA0C81E6F90770080F791 /* Assets.xcassets */ = {isa = PBXFileReference; lastKnownFileType = folder.assetcatalog; name = Assets.xcassets; path = ../Assets.xcassets; sourceTree = "<group>"; };
		E9DDA0CB1E6F90770080F791 /* Base */ = {isa = PBXFileReference; lastKnownFileType = file.storyboard; name = Base; path = Base.lproj/LaunchScreen.storyboard; sourceTree = "<group>"; };
		E9DDA0CD1E6F90770080F791 /* Info.plist */ = {isa = PBXFileReference; lastKnownFileType = text.plist.xml; path = Info.plist; sourceTree = "<group>"; };
		E9DDA0D21E6F90770080F791 /* TipCalcTests.xctest */ = {isa = PBXFileReference; explicitFileType = wrapper.cfbundle; includeInIndex = 0; path = TipCalcTests.xctest; sourceTree = BUILT_PRODUCTS_DIR; };
		E9DDA0D61E6F90770080F791 /* TipCalcTests.swift */ = {isa = PBXFileReference; lastKnownFileType = sourcecode.swift; path = TipCalcTests.swift; sourceTree = "<group>"; };
		E9DDA0D81E6F90770080F791 /* Info.plist */ = {isa = PBXFileReference; lastKnownFileType = text.plist.xml; path = Info.plist; sourceTree = "<group>"; };
		E9DDA0DD1E6F90770080F791 /* TipCalcUITests.xctest */ = {isa = PBXFileReference; explicitFileType = wrapper.cfbundle; includeInIndex = 0; path = TipCalcUITests.xctest; sourceTree = BUILT_PRODUCTS_DIR; };
		E9DDA0E11E6F90770080F791 /* TipCalcUITests.swift */ = {isa = PBXFileReference; lastKnownFileType = sourcecode.swift; path = TipCalcUITests.swift; sourceTree = "<group>"; };
		E9DDA0E31E6F90770080F791 /* Info.plist */ = {isa = PBXFileReference; lastKnownFileType = text.plist.xml; path = Info.plist; sourceTree = "<group>"; };
		E9DDA0F31E6F92DE0080F791 /* TipCalcTodayWidget.appex */ = {isa = PBXFileReference; explicitFileType = "wrapper.app-extension"; includeInIndex = 0; path = TipCalcTodayWidget.appex; sourceTree = BUILT_PRODUCTS_DIR; };
		E9DDA0F41E6F92DE0080F791 /* NotificationCenter.framework */ = {isa = PBXFileReference; lastKnownFileType = wrapper.framework; name = NotificationCenter.framework; path = System/Library/Frameworks/NotificationCenter.framework; sourceTree = SDKROOT; };
		E9DDA0F71E6F92DE0080F791 /* TodayViewController.swift */ = {isa = PBXFileReference; lastKnownFileType = sourcecode.swift; path = TodayViewController.swift; sourceTree = "<group>"; };
		E9DDA0FC1E6F92DE0080F791 /* Info.plist */ = {isa = PBXFileReference; lastKnownFileType = text.plist.xml; path = Info.plist; sourceTree = "<group>"; };
		E9DDA1091E6F92FF0080F791 /* TipCalcKit.framework */ = {isa = PBXFileReference; explicitFileType = wrapper.framework; includeInIndex = 0; path = TipCalcKit.framework; sourceTree = BUILT_PRODUCTS_DIR; };
		E9DDA10B1E6F92FF0080F791 /* TipCalcKit.h */ = {isa = PBXFileReference; lastKnownFileType = sourcecode.c.h; path = TipCalcKit.h; sourceTree = "<group>"; };
		E9DDA10C1E6F92FF0080F791 /* Info.plist */ = {isa = PBXFileReference; lastKnownFileType = text.plist.xml; path = Info.plist; sourceTree = "<group>"; };
		E9DDA1111E6F92FF0080F791 /* TipCalcKitTests.xctest */ = {isa = PBXFileReference; explicitFileType = wrapper.cfbundle; includeInIndex = 0; path = TipCalcKitTests.xctest; sourceTree = BUILT_PRODUCTS_DIR; };
		E9DDA1181E6F92FF0080F791 /* TipCalcKitTests.swift */ = {isa = PBXFileReference; lastKnownFileType = sourcecode.swift; path = TipCalcKitTests.swift; sourceTree = "<group>"; };
		E9DDA11A1E6F92FF0080F791 /* Info.plist */ = {isa = PBXFileReference; lastKnownFileType = text.plist.xml; path = Info.plist; sourceTree = "<group>"; };
		E9DDA12A1E6FA2400080F791 /* Pods_TipCalc.framework */ = {isa = PBXFileReference; lastKnownFileType = wrapper.framework; name = Pods_TipCalc.framework; path = "../../../Library/Developer/Xcode/DerivedData/TipCalc-gvtcylqjgmiexaavoqspcunbmiem/Build/Products/Debug-iphonesimulator/Pods_TipCalc.framework"; sourceTree = "<group>"; };
		E9DDA12C1E6FA2760080F791 /* SnapKit.framework */ = {isa = PBXFileReference; lastKnownFileType = wrapper.framework; name = SnapKit.framework; path = "../../../Library/Developer/Xcode/DerivedData/TipCalc-gvtcylqjgmiexaavoqspcunbmiem/Build/Products/Debug-iphonesimulator/SnapKit/SnapKit.framework"; sourceTree = "<group>"; };
		E9DDA1311E6FB2280080F791 /* MainInterface.storyboard */ = {isa = PBXFileReference; fileEncoding = 4; lastKnownFileType = file.storyboard; path = MainInterface.storyboard; sourceTree = "<group>"; };
		E9DDA1331E6FBBC60080F791 /* TipCalculator.swift */ = {isa = PBXFileReference; fileEncoding = 4; lastKnownFileType = sourcecode.swift; path = TipCalculator.swift; sourceTree = "<group>"; };
		E9DDA1371E6FC5900080F791 /* TipCalc.entitlements */ = {isa = PBXFileReference; lastKnownFileType = text.plist.entitlements; path = TipCalc.entitlements; sourceTree = "<group>"; };
		E9DDA1381E6FC5AB0080F791 /* TipCalcTodayWidget.entitlements */ = {isa = PBXFileReference; lastKnownFileType = text.plist.entitlements; path = TipCalcTodayWidget.entitlements; sourceTree = "<group>"; };
		E9E0CF4C1FCD6466004A6DE5 /* TipCalcWatch.app */ = {isa = PBXFileReference; explicitFileType = wrapper.application; includeInIndex = 0; path = TipCalcWatch.app; sourceTree = BUILT_PRODUCTS_DIR; };
		E9E0CF4F1FCD6466004A6DE5 /* Base */ = {isa = PBXFileReference; lastKnownFileType = file.storyboard; name = Base; path = Base.lproj/Interface.storyboard; sourceTree = "<group>"; };
		E9E0CF511FCD6466004A6DE5 /* Assets.xcassets */ = {isa = PBXFileReference; lastKnownFileType = folder.assetcatalog; path = Assets.xcassets; sourceTree = "<group>"; };
		E9E0CF531FCD6466004A6DE5 /* Info.plist */ = {isa = PBXFileReference; lastKnownFileType = text.plist.xml; path = Info.plist; sourceTree = "<group>"; };
		E9E0CF581FCD6466004A6DE5 /* TipCalcWatch Extension.appex */ = {isa = PBXFileReference; explicitFileType = "wrapper.app-extension"; includeInIndex = 0; path = "TipCalcWatch Extension.appex"; sourceTree = BUILT_PRODUCTS_DIR; };
		E9E0CF5D1FCD6466004A6DE5 /* InterfaceController.swift */ = {isa = PBXFileReference; lastKnownFileType = sourcecode.swift; path = InterfaceController.swift; sourceTree = "<group>"; };
		E9E0CF5F1FCD6466004A6DE5 /* ExtensionDelegate.swift */ = {isa = PBXFileReference; lastKnownFileType = sourcecode.swift; path = ExtensionDelegate.swift; sourceTree = "<group>"; };
		E9E0CF611FCD6466004A6DE5 /* NotificationController.swift */ = {isa = PBXFileReference; lastKnownFileType = sourcecode.swift; path = NotificationController.swift; sourceTree = "<group>"; };
		E9E0CF631FCD6466004A6DE5 /* Assets.xcassets */ = {isa = PBXFileReference; lastKnownFileType = folder.assetcatalog; path = Assets.xcassets; sourceTree = "<group>"; };
		E9E0CF651FCD6466004A6DE5 /* Info.plist */ = {isa = PBXFileReference; lastKnownFileType = text.plist.xml; path = Info.plist; sourceTree = "<group>"; };
		E9E0CF661FCD6466004A6DE5 /* PushNotificationPayload.apns */ = {isa = PBXFileReference; lastKnownFileType = text; path = PushNotificationPayload.apns; sourceTree = "<group>"; };
		E9E0CF781FCDD4D5004A6DE5 /* UIShare.swift */ = {isa = PBXFileReference; lastKnownFileType = sourcecode.swift; path = UIShare.swift; sourceTree = "<group>"; };
		F41369EC887354B29B64A94E /* Pods-TipCalcUITests.debug.xcconfig */ = {isa = PBXFileReference; includeInIndex = 1; lastKnownFileType = text.xcconfig; name = "Pods-TipCalcUITests.debug.xcconfig"; path = "Pods/Target Support Files/Pods-TipCalcUITests/Pods-TipCalcUITests.debug.xcconfig"; sourceTree = "<group>"; };
		FAC8E3235F8144FA536E3627 /* Pods_TipCalcTests.framework */ = {isa = PBXFileReference; explicitFileType = wrapper.framework; includeInIndex = 0; path = Pods_TipCalcTests.framework; sourceTree = BUILT_PRODUCTS_DIR; };
/* End PBXFileReference section */

/* Begin PBXFrameworksBuildPhase section */
		E99B3CD22FD2676B97850C73 /* Frameworks */ = {
			isa = PBXFrameworksBuildPhase;
			buildActionMask = 2147483647;
			files = (
			);
			runOnlyForDeploymentPostprocessing = 0;
		};
		E9DDA0BB1E6F90770080F791 /* Frameworks */ = {
			isa = PBXFrameworksBuildPhase;
			buildActionMask = 2147483647;
			files = (
				E9DDA11E1E6F92FF0080F791 /* TipCalcKit.framework in Frameworks */,
				7543E9CCA736443E5922CED6 /* Pods_TipCalc.framework in Frameworks */,
			);
			runOnlyForDeploymentPostprocessing = 0;
		};
		E9DDA0CF1E6F90770080F791 /* Frameworks */ = {
			isa = PBXFrameworksBuildPhase;
			buildActionMask = 2147483647;
			files = (
				D74C35BD93A76662980A1C1E /* Pods_TipCalcTests.framework in Frameworks */,
			);
			runOnlyForDeploymentPostprocessing = 0;
		};
		E9DDA0DA1E6F90770080F791 /* Frameworks */ = {
			isa = PBXFrameworksBuildPhase;
			buildActionMask = 2147483647;
			files = (
				9A069D260367AA797E090DE6 /* Pods_TipCalcUITests.framework in Frameworks */,
			);
			runOnlyForDeploymentPostprocessing = 0;
		};
		E9DDA0F01E6F92DE0080F791 /* Frameworks */ = {
			isa = PBXFrameworksBuildPhase;
			buildActionMask = 2147483647;
			files = (
				E9DDA1361E6FC5110080F791 /* TipCalcKit.framework in Frameworks */,
				E9DDA0F51E6F92DE0080F791 /* NotificationCenter.framework in Frameworks */,
				1E3B4E62818DD75D0720DA6F /* Pods_TipCalcTodayWidget.framework in Frameworks */,
			);
			runOnlyForDeploymentPostprocessing = 0;
		};
		E9DDA1051E6F92FF0080F791 /* Frameworks */ = {
			isa = PBXFrameworksBuildPhase;
			buildActionMask = 2147483647;
			files = (
				770CEE8B6EB4F58373F5F3FB /* Pods_TipCalcKit.framework in Frameworks */,
			);
			runOnlyForDeploymentPostprocessing = 0;
		};
		E9DDA10E1E6F92FF0080F791 /* Frameworks */ = {
			isa = PBXFrameworksBuildPhase;
			buildActionMask = 2147483647;
			files = (
				E9DDA1121E6F92FF0080F791 /* TipCalcKit.framework in Frameworks */,
				76C936E19452062C8F7E98E7 /* Pods_TipCalcKitTests.framework in Frameworks */,
			);
			runOnlyForDeploymentPostprocessing = 0;
		};
		E9E0CF551FCD6466004A6DE5 /* Frameworks */ = {
			isa = PBXFrameworksBuildPhase;
			buildActionMask = 2147483647;
			files = (
			);
			runOnlyForDeploymentPostprocessing = 0;
		};
/* End PBXFrameworksBuildPhase section */

/* Begin PBXGroup section */
		51D2A81B4D52D6CFF9EFAEEA /* Pods */ = {
			isa = PBXGroup;
			children = (
				AE0A8661147BB91C42A2AC36 /* Pods-TipCalc.debug.xcconfig */,
				961FC59749B82B21F3F26278 /* Pods-TipCalc.release.xcconfig */,
				A7B8B6571C0B6BA64BA15FA6 /* Pods-TipCalcTests.debug.xcconfig */,
				182C85EC010D7C4883BA9B20 /* Pods-TipCalcTests.release.xcconfig */,
				F41369EC887354B29B64A94E /* Pods-TipCalcUITests.debug.xcconfig */,
				57FC2D6291D242ADD7621873 /* Pods-TipCalcUITests.release.xcconfig */,
				784BA7D0704B2C427B4A1CAC /* Pods-TipCalcKit.debug.xcconfig */,
				2D86C034A1001CDA1570A07F /* Pods-TipCalcKit.release.xcconfig */,
				C288B59739FE6F3D6B175D89 /* Pods-TipCalcKitTests.debug.xcconfig */,
				5A0CA3FF129CE6E07D59ECDA /* Pods-TipCalcKitTests.release.xcconfig */,
				D41CB37794D3361F50D4F505 /* Pods-TipCalcTodayWidget.debug.xcconfig */,
				38D5F17AB73B50DBC94EC5F9 /* Pods-TipCalcTodayWidget.release.xcconfig */,
				2D8DC9E00AA70A686FB5029A /* Pods-TipCalcWatch Extension.debug.xcconfig */,
				1BE60E5FC51D0AD6BE14272D /* Pods-TipCalcWatch Extension.release.xcconfig */,
			);
			name = Pods;
			sourceTree = "<group>";
		};
		8DE944EC5FC2B3915121AACD /* Frameworks */ = {
			isa = PBXGroup;
			children = (
				E9DDA12C1E6FA2760080F791 /* SnapKit.framework */,
				E9DDA12A1E6FA2400080F791 /* Pods_TipCalc.framework */,
				DCB84BBB60B92008B1AA04E5 /* Pods_TipCalc.framework */,
				FAC8E3235F8144FA536E3627 /* Pods_TipCalcTests.framework */,
				2C67C5547E29F102341034F7 /* Pods_TipCalcUITests.framework */,
				E9DDA0F41E6F92DE0080F791 /* NotificationCenter.framework */,
				3E0B6AE017313575D3D25339 /* Pods_TipCalcKit.framework */,
				D50407267F33E4C9FDF4AB21 /* Pods_TipCalcKitTests.framework */,
				8647F5AC6E0E630086317164 /* Pods_TipCalcTodayWidget.framework */,
				5AF6D854F2A5F3474F977C74 /* Pods_TipCalcWatch.framework */,
				50EC9487D3F050F9912A6EAF /* libPods-TipCalcWatch Extension.a */,
				63A5B5649418F99ED29DF4CE /* Pods_TipCalcWatch_TipCalcWatchExtension.framework */,
			);
			name = Frameworks;
			sourceTree = "<group>";
		};
		E9286F851E78CCEF00784E2B /* Resources */ = {
			isa = PBXGroup;
			children = (
				E9286F9F1E78D07F00784E2B /* AppIcon.png */,
				E9DDA0C81E6F90770080F791 /* Assets.xcassets */,
				E9286F861E78CD2700784E2B /* about.html */,
				E9286F871E78CD2700784E2B /* bootstrap */,
			);
			path = Resources;
			sourceTree = "<group>";
		};
		E9286F871E78CD2700784E2B /* bootstrap */ = {
			isa = PBXGroup;
			children = (
				E9286F881E78CD2700784E2B /* css */,
				E9286F911E78CD2700784E2B /* js */,
			);
			path = bootstrap;
			sourceTree = "<group>";
		};
		E9286F881E78CD2700784E2B /* css */ = {
			isa = PBXGroup;
			children = (
				E9286F891E78CD2700784E2B /* bootstrap-theme.css */,
				E9286F8A1E78CD2700784E2B /* bootstrap-theme.css.map */,
				E9286F8B1E78CD2700784E2B /* bootstrap-theme.min.css */,
				E9286F8C1E78CD2700784E2B /* bootstrap-theme.min.css.map */,
				E9286F8D1E78CD2700784E2B /* bootstrap.css */,
				E9286F8E1E78CD2700784E2B /* bootstrap.css.map */,
				E9286F8F1E78CD2700784E2B /* bootstrap.min.css */,
				E9286F901E78CD2700784E2B /* bootstrap.min.css.map */,
			);
			path = css;
			sourceTree = "<group>";
		};
		E9286F911E78CD2700784E2B /* js */ = {
			isa = PBXGroup;
			children = (
				E9286F921E78CD2700784E2B /* bootstrap.js */,
				E9286F931E78CD2700784E2B /* bootstrap.min.js */,
				E9286F941E78CD2700784E2B /* jquery.js */,
				E9286F951E78CD2700784E2B /* npm.js */,
			);
			path = js;
			sourceTree = "<group>";
		};
		E9416AD11E77190C00EA17AD /* Main */ = {
			isa = PBXGroup;
			children = (
				E9DDA0C11E6F90770080F791 /* AppDelegate.swift */,
				E9DDA1371E6FC5900080F791 /* TipCalc.entitlements */,
				E9DDA0CD1E6F90770080F791 /* Info.plist */,
				E969E6521E79F677007D07F4 /* Settings.bundle */,
			);
			name = Main;
			sourceTree = "<group>";
		};
		E9416AD21E77191100EA17AD /* View */ = {
			isa = PBXGroup;
			children = (
				E9DDA0C51E6F90770080F791 /* Main.storyboard */,
				E9DDA0CA1E6F90770080F791 /* LaunchScreen.storyboard */,
				E90EE0621E77330A00B15F31 /* BillView.swift */,
				E90EE0641E774BD400B15F31 /* BillContentView.xib */,
				E9C5D31A1E8F718F001007EF /* RecordsTableViewCell.swift */,
				E9C5D31B1E8F718F001007EF /* RecordsTableViewCell.xib */,
			);
			name = View;
			sourceTree = "<group>";
		};
		E9416AD31E77191700EA17AD /* Controller */ = {
			isa = PBXGroup;
			children = (
				E9C63A891E738C2400258574 /* TipCalcViewController.swift */,
				E9416AD41E771A6600EA17AD /* BillViewController.swift */,
				E9628CD11E70991E008C9BF6 /* SettingViewController.swift */,
				E9C63A8B1E74AD3400258574 /* AboutViewController.swift */,
				E9C5D3141E8F2F60001007EF /* BillsContainerViewController.swift */,
				E9C5D3161E8F2FBD001007EF /* RecordsTableViewController.swift */,
				E9C5D31E1E8F8208001007EF /* RecordDetailViewController.swift */,
				E9C5D3181E8F301B001007EF /* StatisticsTableViewController.swift */,
			);
			name = Controller;
			sourceTree = "<group>";
		};
		E9C5D30F1E8DFD19001007EF /* Model */ = {
			isa = PBXGroup;
			children = (
				E9C5D3101E8DFD38001007EF /* DatabaseUtility.swift */,
				E9C5D3201E8FB01C001007EF /* MsgDisplay.swift */,
				E9A0D5971E9114BA000A1067 /* StatisticsUtility.swift */,
			);
			name = Model;
			sourceTree = "<group>";
		};
		E9DDA0B51E6F90770080F791 = {
			isa = PBXGroup;
			children = (
				E9DDA0C01E6F90770080F791 /* TipCalc */,
				E9DDA0D51E6F90770080F791 /* TipCalcTests */,
				E9DDA0E01E6F90770080F791 /* TipCalcUITests */,
				E9DDA0F61E6F92DE0080F791 /* TipCalcTodayWidget */,
				E9DDA10A1E6F92FF0080F791 /* TipCalcKit */,
				E9DDA1171E6F92FF0080F791 /* TipCalcKitTests */,
				E9E0CF4D1FCD6466004A6DE5 /* TipCalcWatch */,
				E9E0CF5C1FCD6466004A6DE5 /* TipCalcWatch Extension */,
				E9DDA0BF1E6F90770080F791 /* Products */,
				51D2A81B4D52D6CFF9EFAEEA /* Pods */,
				8DE944EC5FC2B3915121AACD /* Frameworks */,
			);
			sourceTree = "<group>";
		};
		E9DDA0BF1E6F90770080F791 /* Products */ = {
			isa = PBXGroup;
			children = (
				E9DDA0BE1E6F90770080F791 /* TipCalc.app */,
				E9DDA0D21E6F90770080F791 /* TipCalcTests.xctest */,
				E9DDA0DD1E6F90770080F791 /* TipCalcUITests.xctest */,
				E9DDA0F31E6F92DE0080F791 /* TipCalcTodayWidget.appex */,
				E9DDA1091E6F92FF0080F791 /* TipCalcKit.framework */,
				E9DDA1111E6F92FF0080F791 /* TipCalcKitTests.xctest */,
				E9E0CF4C1FCD6466004A6DE5 /* TipCalcWatch.app */,
				E9E0CF581FCD6466004A6DE5 /* TipCalcWatch Extension.appex */,
			);
			name = Products;
			sourceTree = "<group>";
		};
		E9DDA0C01E6F90770080F791 /* TipCalc */ = {
			isa = PBXGroup;
			children = (
				E9416AD11E77190C00EA17AD /* Main */,
				E9416AD31E77191700EA17AD /* Controller */,
				E9416AD21E77191100EA17AD /* View */,
				E9C5D30F1E8DFD19001007EF /* Model */,
				E9286F851E78CCEF00784E2B /* Resources */,
			);
			path = TipCalc;
			sourceTree = "<group>";
		};
		E9DDA0D51E6F90770080F791 /* TipCalcTests */ = {
			isa = PBXGroup;
			children = (
				E9DDA0D61E6F90770080F791 /* TipCalcTests.swift */,
				E9DDA0D81E6F90770080F791 /* Info.plist */,
			);
			path = TipCalcTests;
			sourceTree = "<group>";
		};
		E9DDA0E01E6F90770080F791 /* TipCalcUITests */ = {
			isa = PBXGroup;
			children = (
				E9DDA0E11E6F90770080F791 /* TipCalcUITests.swift */,
				E9DDA0E31E6F90770080F791 /* Info.plist */,
			);
			path = TipCalcUITests;
			sourceTree = "<group>";
		};
		E9DDA0F61E6F92DE0080F791 /* TipCalcTodayWidget */ = {
			isa = PBXGroup;
			children = (
				E9DDA1381E6FC5AB0080F791 /* TipCalcTodayWidget.entitlements */,
				E9DDA0F71E6F92DE0080F791 /* TodayViewController.swift */,
				E9D0312F1E707E6000C720B4 /* TodayActualViewController.swift */,
				E9D031331E70863600C720B4 /* TodayActualViewController.xib */,
				E9DDA1311E6FB2280080F791 /* MainInterface.storyboard */,
				E9DDA0FC1E6F92DE0080F791 /* Info.plist */,
			);
			path = TipCalcTodayWidget;
			sourceTree = "<group>";
		};
		E9DDA10A1E6F92FF0080F791 /* TipCalcKit */ = {
			isa = PBXGroup;
			children = (
				E9DDA10B1E6F92FF0080F791 /* TipCalcKit.h */,
				E9DDA10C1E6F92FF0080F791 /* Info.plist */,
				E9DDA1331E6FBBC60080F791 /* TipCalculator.swift */,
				E9628CC91E709555008C9BF6 /* TipCalcDataManager.swift */,
				E9C73CB61E7628A300D90405 /* BillItem.swift */,
				E9628CCD1E7097CD008C9BF6 /* FlatColors.swift */,
				E9E0CF781FCDD4D5004A6DE5 /* UIShare.swift */,
			);
			path = TipCalcKit;
			sourceTree = "<group>";
		};
		E9DDA1171E6F92FF0080F791 /* TipCalcKitTests */ = {
			isa = PBXGroup;
			children = (
				E9DDA1181E6F92FF0080F791 /* TipCalcKitTests.swift */,
				E9DDA11A1E6F92FF0080F791 /* Info.plist */,
			);
			path = TipCalcKitTests;
			sourceTree = "<group>";
		};
		E9E0CF4D1FCD6466004A6DE5 /* TipCalcWatch */ = {
			isa = PBXGroup;
			children = (
				E9E0CF4E1FCD6466004A6DE5 /* Interface.storyboard */,
				E9E0CF511FCD6466004A6DE5 /* Assets.xcassets */,
				E9E0CF531FCD6466004A6DE5 /* Info.plist */,
			);
			path = TipCalcWatch;
			sourceTree = "<group>";
		};
		E9E0CF5C1FCD6466004A6DE5 /* TipCalcWatch Extension */ = {
			isa = PBXGroup;
			children = (
				E9E0CF5D1FCD6466004A6DE5 /* InterfaceController.swift */,
				E9E0CF5F1FCD6466004A6DE5 /* ExtensionDelegate.swift */,
				E9E0CF611FCD6466004A6DE5 /* NotificationController.swift */,
				E9E0CF631FCD6466004A6DE5 /* Assets.xcassets */,
				E9E0CF651FCD6466004A6DE5 /* Info.plist */,
				E9E0CF661FCD6466004A6DE5 /* PushNotificationPayload.apns */,
			);
			path = "TipCalcWatch Extension";
			sourceTree = "<group>";
		};
/* End PBXGroup section */

/* Begin PBXHeadersBuildPhase section */
		E9DDA1061E6F92FF0080F791 /* Headers */ = {
			isa = PBXHeadersBuildPhase;
			buildActionMask = 2147483647;
			files = (
				E9DDA11B1E6F92FF0080F791 /* TipCalcKit.h in Headers */,
			);
			runOnlyForDeploymentPostprocessing = 0;
		};
/* End PBXHeadersBuildPhase section */

/* Begin PBXNativeTarget section */
		E9DDA0BD1E6F90770080F791 /* TipCalc */ = {
			isa = PBXNativeTarget;
			buildConfigurationList = E9DDA0E61E6F90770080F791 /* Build configuration list for PBXNativeTarget "TipCalc" */;
			buildPhases = (
				BFE2E6849811089D35667F4B /* [CP] Check Pods Manifest.lock */,
				E9DDA0BA1E6F90770080F791 /* Sources */,
				E9DDA0BB1E6F90770080F791 /* Frameworks */,
				E9DDA0BC1E6F90770080F791 /* Resources */,
				52082CEF09466EF5BEFD717F /* [CP] Embed Pods Frameworks */,
				AE8295889B65301624925B16 /* [CP] Copy Pods Resources */,
				E9DDA1031E6F92DE0080F791 /* Embed App Extensions */,
				E9DDA1231E6F92FF0080F791 /* Embed Frameworks */,
				E9E0CF711FCD6466004A6DE5 /* Embed Watch Content */,
			);
			buildRules = (
			);
			dependencies = (
				E9DDA0FE1E6F92DE0080F791 /* PBXTargetDependency */,
				E9DDA11D1E6F92FF0080F791 /* PBXTargetDependency */,
				E9E0CF681FCD6466004A6DE5 /* PBXTargetDependency */,
			);
			name = TipCalc;
			productName = TipCalc;
			productReference = E9DDA0BE1E6F90770080F791 /* TipCalc.app */;
			productType = "com.apple.product-type.application";
		};
		E9DDA0D11E6F90770080F791 /* TipCalcTests */ = {
			isa = PBXNativeTarget;
			buildConfigurationList = E9DDA0E91E6F90770080F791 /* Build configuration list for PBXNativeTarget "TipCalcTests" */;
			buildPhases = (
				07AE0B763DDB52E3A71E34C3 /* [CP] Check Pods Manifest.lock */,
				E9DDA0CE1E6F90770080F791 /* Sources */,
				E9DDA0CF1E6F90770080F791 /* Frameworks */,
				E9DDA0D01E6F90770080F791 /* Resources */,
				D6094B585660D914A51F5780 /* [CP] Embed Pods Frameworks */,
				35DFC3801B8EA03F1201B693 /* [CP] Copy Pods Resources */,
			);
			buildRules = (
			);
			dependencies = (
				E9DDA0D41E6F90770080F791 /* PBXTargetDependency */,
			);
			name = TipCalcTests;
			productName = TipCalcTests;
			productReference = E9DDA0D21E6F90770080F791 /* TipCalcTests.xctest */;
			productType = "com.apple.product-type.bundle.unit-test";
		};
		E9DDA0DC1E6F90770080F791 /* TipCalcUITests */ = {
			isa = PBXNativeTarget;
			buildConfigurationList = E9DDA0EC1E6F90770080F791 /* Build configuration list for PBXNativeTarget "TipCalcUITests" */;
			buildPhases = (
				B7388DEE84477BDD667128EE /* [CP] Check Pods Manifest.lock */,
				E9DDA0D91E6F90770080F791 /* Sources */,
				E9DDA0DA1E6F90770080F791 /* Frameworks */,
				E9DDA0DB1E6F90770080F791 /* Resources */,
				3A55113C7D55B4E748B9A658 /* [CP] Embed Pods Frameworks */,
				A7A224851352B9031B6429A4 /* [CP] Copy Pods Resources */,
			);
			buildRules = (
			);
			dependencies = (
				E9DDA0DF1E6F90770080F791 /* PBXTargetDependency */,
			);
			name = TipCalcUITests;
			productName = TipCalcUITests;
			productReference = E9DDA0DD1E6F90770080F791 /* TipCalcUITests.xctest */;
			productType = "com.apple.product-type.bundle.ui-testing";
		};
		E9DDA0F21E6F92DE0080F791 /* TipCalcTodayWidget */ = {
			isa = PBXNativeTarget;
			buildConfigurationList = E9DDA1021E6F92DE0080F791 /* Build configuration list for PBXNativeTarget "TipCalcTodayWidget" */;
			buildPhases = (
				F011FFCC1101593FA6B99310 /* [CP] Check Pods Manifest.lock */,
				E9DDA0EF1E6F92DE0080F791 /* Sources */,
				E9DDA0F01E6F92DE0080F791 /* Frameworks */,
				E9DDA0F11E6F92DE0080F791 /* Resources */,
				E827BD34504EADA34B58E5B5 /* [CP] Copy Pods Resources */,
			);
			buildRules = (
			);
			dependencies = (
			);
			name = TipCalcTodayWidget;
			productName = TipCalcTodayWidget;
			productReference = E9DDA0F31E6F92DE0080F791 /* TipCalcTodayWidget.appex */;
			productType = "com.apple.product-type.app-extension";
		};
		E9DDA1081E6F92FF0080F791 /* TipCalcKit */ = {
			isa = PBXNativeTarget;
			buildConfigurationList = E9DDA1201E6F92FF0080F791 /* Build configuration list for PBXNativeTarget "TipCalcKit" */;
			buildPhases = (
				A8FD5B9BE0561F3DD9B16DA0 /* [CP] Check Pods Manifest.lock */,
				E9DDA1041E6F92FF0080F791 /* Sources */,
				E9DDA1051E6F92FF0080F791 /* Frameworks */,
				E9DDA1061E6F92FF0080F791 /* Headers */,
				E9DDA1071E6F92FF0080F791 /* Resources */,
				5772525C6BF9CCA1677F7E2C /* [CP] Copy Pods Resources */,
			);
			buildRules = (
			);
			dependencies = (
			);
			name = TipCalcKit;
			productName = TipCalcKit;
			productReference = E9DDA1091E6F92FF0080F791 /* TipCalcKit.framework */;
			productType = "com.apple.product-type.framework";
		};
		E9DDA1101E6F92FF0080F791 /* TipCalcKitTests */ = {
			isa = PBXNativeTarget;
			buildConfigurationList = E9DDA1241E6F92FF0080F791 /* Build configuration list for PBXNativeTarget "TipCalcKitTests" */;
			buildPhases = (
				FB2EE1E986E684556DA40A43 /* [CP] Check Pods Manifest.lock */,
				E9DDA10D1E6F92FF0080F791 /* Sources */,
				E9DDA10E1E6F92FF0080F791 /* Frameworks */,
				E9DDA10F1E6F92FF0080F791 /* Resources */,
				68F3B48DD89C52495F32611F /* [CP] Embed Pods Frameworks */,
				BAFB4951C0DAD271E9ACEAE7 /* [CP] Copy Pods Resources */,
			);
			buildRules = (
			);
			dependencies = (
				E9DDA1141E6F92FF0080F791 /* PBXTargetDependency */,
				E9DDA1161E6F92FF0080F791 /* PBXTargetDependency */,
			);
			name = TipCalcKitTests;
			productName = TipCalcKitTests;
			productReference = E9DDA1111E6F92FF0080F791 /* TipCalcKitTests.xctest */;
			productType = "com.apple.product-type.bundle.unit-test";
		};
		E9E0CF4B1FCD6466004A6DE5 /* TipCalcWatch */ = {
			isa = PBXNativeTarget;
			buildConfigurationList = E9E0CF701FCD6466004A6DE5 /* Build configuration list for PBXNativeTarget "TipCalcWatch" */;
			buildPhases = (
				E9E0CF4A1FCD6466004A6DE5 /* Resources */,
				E9E0CF6F1FCD6466004A6DE5 /* Embed App Extensions */,
				E99B3CD22FD2676B97850C73 /* Frameworks */,
			);
			buildRules = (
			);
			dependencies = (
				E9E0CF5B1FCD6466004A6DE5 /* PBXTargetDependency */,
			);
			name = TipCalcWatch;
			productName = TipCalcWatch;
			productReference = E9E0CF4C1FCD6466004A6DE5 /* TipCalcWatch.app */;
			productType = "com.apple.product-type.application.watchapp2";
		};
		E9E0CF571FCD6466004A6DE5 /* TipCalcWatch Extension */ = {
			isa = PBXNativeTarget;
			buildConfigurationList = E9E0CF6E1FCD6466004A6DE5 /* Build configuration list for PBXNativeTarget "TipCalcWatch Extension" */;
			buildPhases = (
				E9E0CF541FCD6466004A6DE5 /* Sources */,
				E9E0CF551FCD6466004A6DE5 /* Frameworks */,
				E9E0CF561FCD6466004A6DE5 /* Resources */,
			);
			buildRules = (
			);
			dependencies = (
			);
			name = "TipCalcWatch Extension";
			productName = "TipCalcWatch Extension";
			productReference = E9E0CF581FCD6466004A6DE5 /* TipCalcWatch Extension.appex */;
			productType = "com.apple.product-type.watchkit2-extension";
		};
/* End PBXNativeTarget section */

/* Begin PBXProject section */
		E9DDA0B61E6F90770080F791 /* Project object */ = {
			isa = PBXProject;
			attributes = {
				LastSwiftUpdateCheck = 0910;
				LastUpgradeCheck = 0900;
				ORGANIZATIONNAME = "Yubo Qin";
				TargetAttributes = {
					E9DDA0BD1E6F90770080F791 = {
						CreatedOnToolsVersion = 8.2.1;
						DevelopmentTeam = 3998KQRV7C;
						ProvisioningStyle = Automatic;
						SystemCapabilities = {
							com.apple.ApplicationGroups.iOS = {
								enabled = 1;
							};
						};
					};
					E9DDA0D11E6F90770080F791 = {
						CreatedOnToolsVersion = 8.2.1;
						DevelopmentTeam = 3998KQRV7C;
						ProvisioningStyle = Automatic;
						TestTargetID = E9DDA0BD1E6F90770080F791;
					};
					E9DDA0DC1E6F90770080F791 = {
						CreatedOnToolsVersion = 8.2.1;
						DevelopmentTeam = 3998KQRV7C;
						ProvisioningStyle = Automatic;
						TestTargetID = E9DDA0BD1E6F90770080F791;
					};
					E9DDA0F21E6F92DE0080F791 = {
						CreatedOnToolsVersion = 8.2.1;
						DevelopmentTeam = 3998KQRV7C;
						ProvisioningStyle = Automatic;
						SystemCapabilities = {
							com.apple.ApplicationGroups.iOS = {
								enabled = 1;
							};
						};
					};
					E9DDA1081E6F92FF0080F791 = {
						CreatedOnToolsVersion = 8.2.1;
						DevelopmentTeam = 3998KQRV7C;
						LastSwiftMigration = 0820;
						ProvisioningStyle = Automatic;
					};
					E9DDA1101E6F92FF0080F791 = {
						CreatedOnToolsVersion = 8.2.1;
						DevelopmentTeam = 3998KQRV7C;
						ProvisioningStyle = Automatic;
						TestTargetID = E9DDA0BD1E6F90770080F791;
					};
					E9E0CF4B1FCD6466004A6DE5 = {
						CreatedOnToolsVersion = 9.1;
						DevelopmentTeam = 3998KQRV7C;
						ProvisioningStyle = Automatic;
					};
					E9E0CF571FCD6466004A6DE5 = {
						CreatedOnToolsVersion = 9.1;
						DevelopmentTeam = 3998KQRV7C;
						ProvisioningStyle = Automatic;
					};
				};
			};
			buildConfigurationList = E9DDA0B91E6F90770080F791 /* Build configuration list for PBXProject "TipCalc" */;
			compatibilityVersion = "Xcode 3.2";
			developmentRegion = English;
			hasScannedForEncodings = 0;
			knownRegions = (
				en,
				Base,
			);
			mainGroup = E9DDA0B51E6F90770080F791;
			productRefGroup = E9DDA0BF1E6F90770080F791 /* Products */;
			projectDirPath = "";
			projectRoot = "";
			targets = (
				E9DDA0BD1E6F90770080F791 /* TipCalc */,
				E9DDA0D11E6F90770080F791 /* TipCalcTests */,
				E9DDA0DC1E6F90770080F791 /* TipCalcUITests */,
				E9DDA0F21E6F92DE0080F791 /* TipCalcTodayWidget */,
				E9DDA1081E6F92FF0080F791 /* TipCalcKit */,
				E9DDA1101E6F92FF0080F791 /* TipCalcKitTests */,
				E9E0CF4B1FCD6466004A6DE5 /* TipCalcWatch */,
				E9E0CF571FCD6466004A6DE5 /* TipCalcWatch Extension */,
			);
		};
/* End PBXProject section */

/* Begin PBXResourcesBuildPhase section */
		E9DDA0BC1E6F90770080F791 /* Resources */ = {
			isa = PBXResourcesBuildPhase;
			buildActionMask = 2147483647;
			files = (
				E9286F9E1E78CD2700784E2B /* npm.js in Resources */,
				E9286F9D1E78CD2700784E2B /* jquery.js in Resources */,
				E9DDA0CC1E6F90770080F791 /* LaunchScreen.storyboard in Resources */,
				E9286F9C1E78CD2700784E2B /* bootstrap.min.js in Resources */,
				E9286F9A1E78CD2700784E2B /* bootstrap.min.css in Resources */,
				E90EE0651E774BD400B15F31 /* BillContentView.xib in Resources */,
				E9286FA01E78D07F00784E2B /* AppIcon.png in Resources */,
				E969E6531E79F677007D07F4 /* Settings.bundle in Resources */,
				E9286F991E78CD2700784E2B /* bootstrap.css in Resources */,
				E9286F981E78CD2700784E2B /* bootstrap-theme.min.css in Resources */,
				E9DDA0C91E6F90770080F791 /* Assets.xcassets in Resources */,
				E9286F961E78CD2700784E2B /* about.html in Resources */,
				E9286F9B1E78CD2700784E2B /* bootstrap.js in Resources */,
				E9286F971E78CD2700784E2B /* bootstrap-theme.css in Resources */,
				E9C5D31D1E8F718F001007EF /* RecordsTableViewCell.xib in Resources */,
				E9DDA0C71E6F90770080F791 /* Main.storyboard in Resources */,
			);
			runOnlyForDeploymentPostprocessing = 0;
		};
		E9DDA0D01E6F90770080F791 /* Resources */ = {
			isa = PBXResourcesBuildPhase;
			buildActionMask = 2147483647;
			files = (
			);
			runOnlyForDeploymentPostprocessing = 0;
		};
		E9DDA0DB1E6F90770080F791 /* Resources */ = {
			isa = PBXResourcesBuildPhase;
			buildActionMask = 2147483647;
			files = (
			);
			runOnlyForDeploymentPostprocessing = 0;
		};
		E9DDA0F11E6F92DE0080F791 /* Resources */ = {
			isa = PBXResourcesBuildPhase;
			buildActionMask = 2147483647;
			files = (
				E9D031341E70863600C720B4 /* TodayActualViewController.xib in Resources */,
				E9DDA1321E6FB2280080F791 /* MainInterface.storyboard in Resources */,
			);
			runOnlyForDeploymentPostprocessing = 0;
		};
		E9DDA1071E6F92FF0080F791 /* Resources */ = {
			isa = PBXResourcesBuildPhase;
			buildActionMask = 2147483647;
			files = (
			);
			runOnlyForDeploymentPostprocessing = 0;
		};
		E9DDA10F1E6F92FF0080F791 /* Resources */ = {
			isa = PBXResourcesBuildPhase;
			buildActionMask = 2147483647;
			files = (
			);
			runOnlyForDeploymentPostprocessing = 0;
		};
		E9E0CF4A1FCD6466004A6DE5 /* Resources */ = {
			isa = PBXResourcesBuildPhase;
			buildActionMask = 2147483647;
			files = (
				E9E0CF521FCD6466004A6DE5 /* Assets.xcassets in Resources */,
				E9E0CF501FCD6466004A6DE5 /* Interface.storyboard in Resources */,
			);
			runOnlyForDeploymentPostprocessing = 0;
		};
		E9E0CF561FCD6466004A6DE5 /* Resources */ = {
			isa = PBXResourcesBuildPhase;
			buildActionMask = 2147483647;
			files = (
				E9E0CF641FCD6466004A6DE5 /* Assets.xcassets in Resources */,
			);
			runOnlyForDeploymentPostprocessing = 0;
		};
/* End PBXResourcesBuildPhase section */

/* Begin PBXShellScriptBuildPhase section */
		07AE0B763DDB52E3A71E34C3 /* [CP] Check Pods Manifest.lock */ = {
			isa = PBXShellScriptBuildPhase;
			buildActionMask = 2147483647;
			files = (
			);
			inputPaths = (
				"${PODS_PODFILE_DIR_PATH}/Podfile.lock",
				"${PODS_ROOT}/Manifest.lock",
			);
			name = "[CP] Check Pods Manifest.lock";
			outputPaths = (
				"$(DERIVED_FILE_DIR)/Pods-TipCalcTests-checkManifestLockResult.txt",
			);
			runOnlyForDeploymentPostprocessing = 0;
			shellPath = /bin/sh;
			shellScript = "diff \"${PODS_PODFILE_DIR_PATH}/Podfile.lock\" \"${PODS_ROOT}/Manifest.lock\" > /dev/null\nif [ $? != 0 ] ; then\n    # print error to STDERR\n    echo \"error: The sandbox is not in sync with the Podfile.lock. Run 'pod install' or update your CocoaPods installation.\" >&2\n    exit 1\nfi\n# This output is used by Xcode 'outputs' to avoid re-running this script phase.\necho \"SUCCESS\" > \"${SCRIPT_OUTPUT_FILE_0}\"\n";
			showEnvVarsInLog = 0;
		};
		35DFC3801B8EA03F1201B693 /* [CP] Copy Pods Resources */ = {
			isa = PBXShellScriptBuildPhase;
			buildActionMask = 2147483647;
			files = (
			);
			inputPaths = (
			);
			name = "[CP] Copy Pods Resources";
			outputPaths = (
			);
			runOnlyForDeploymentPostprocessing = 0;
			shellPath = /bin/sh;
			shellScript = "\"${SRCROOT}/Pods/Target Support Files/Pods-TipCalcTests/Pods-TipCalcTests-resources.sh\"\n";
			showEnvVarsInLog = 0;
		};
		3A55113C7D55B4E748B9A658 /* [CP] Embed Pods Frameworks */ = {
			isa = PBXShellScriptBuildPhase;
			buildActionMask = 2147483647;
			files = (
			);
			inputPaths = (
			);
			name = "[CP] Embed Pods Frameworks";
			outputPaths = (
			);
			runOnlyForDeploymentPostprocessing = 0;
			shellPath = /bin/sh;
			shellScript = "\"${SRCROOT}/Pods/Target Support Files/Pods-TipCalcUITests/Pods-TipCalcUITests-frameworks.sh\"\n";
			showEnvVarsInLog = 0;
		};
		52082CEF09466EF5BEFD717F /* [CP] Embed Pods Frameworks */ = {
			isa = PBXShellScriptBuildPhase;
			buildActionMask = 2147483647;
			files = (
			);
			inputPaths = (
				"${SRCROOT}/Pods/Target Support Files/Pods-TipCalc/Pods-TipCalc-frameworks.sh",
				"${BUILT_PRODUCTS_DIR}/Charts/Charts.framework",
				"${BUILT_PRODUCTS_DIR}/DZNEmptyDataSet/DZNEmptyDataSet.framework",
				"${BUILT_PRODUCTS_DIR}/DateToolsSwift/DateToolsSwift.framework",
				"${BUILT_PRODUCTS_DIR}/DynamicButton/DynamicButton.framework",
				"${BUILT_PRODUCTS_DIR}/FMDB/FMDB.framework",
				"${BUILT_PRODUCTS_DIR}/Hero/Hero.framework",
				"${BUILT_PRODUCTS_DIR}/IQKeyboardManagerSwift/IQKeyboardManagerSwift.framework",
				"${BUILT_PRODUCTS_DIR}/LTMorphingLabel/LTMorphingLabel.framework",
				"${BUILT_PRODUCTS_DIR}/SnapKit/SnapKit.framework",
				"${BUILT_PRODUCTS_DIR}/Toaster/Toaster.framework",
			);
			name = "[CP] Embed Pods Frameworks";
			outputPaths = (
				"${TARGET_BUILD_DIR}/${FRAMEWORKS_FOLDER_PATH}/Charts.framework",
				"${TARGET_BUILD_DIR}/${FRAMEWORKS_FOLDER_PATH}/DZNEmptyDataSet.framework",
				"${TARGET_BUILD_DIR}/${FRAMEWORKS_FOLDER_PATH}/DateToolsSwift.framework",
				"${TARGET_BUILD_DIR}/${FRAMEWORKS_FOLDER_PATH}/DynamicButton.framework",
				"${TARGET_BUILD_DIR}/${FRAMEWORKS_FOLDER_PATH}/FMDB.framework",
				"${TARGET_BUILD_DIR}/${FRAMEWORKS_FOLDER_PATH}/Hero.framework",
				"${TARGET_BUILD_DIR}/${FRAMEWORKS_FOLDER_PATH}/IQKeyboardManagerSwift.framework",
				"${TARGET_BUILD_DIR}/${FRAMEWORKS_FOLDER_PATH}/LTMorphingLabel.framework",
				"${TARGET_BUILD_DIR}/${FRAMEWORKS_FOLDER_PATH}/SnapKit.framework",
				"${TARGET_BUILD_DIR}/${FRAMEWORKS_FOLDER_PATH}/Toaster.framework",
			);
			runOnlyForDeploymentPostprocessing = 0;
			shellPath = /bin/sh;
			shellScript = "\"${SRCROOT}/Pods/Target Support Files/Pods-TipCalc/Pods-TipCalc-frameworks.sh\"\n";
			showEnvVarsInLog = 0;
		};
		5772525C6BF9CCA1677F7E2C /* [CP] Copy Pods Resources */ = {
			isa = PBXShellScriptBuildPhase;
			buildActionMask = 2147483647;
			files = (
			);
			inputPaths = (
			);
			name = "[CP] Copy Pods Resources";
			outputPaths = (
			);
			runOnlyForDeploymentPostprocessing = 0;
			shellPath = /bin/sh;
			shellScript = "\"${SRCROOT}/Pods/Target Support Files/Pods-TipCalcKit/Pods-TipCalcKit-resources.sh\"\n";
			showEnvVarsInLog = 0;
		};
		68F3B48DD89C52495F32611F /* [CP] Embed Pods Frameworks */ = {
			isa = PBXShellScriptBuildPhase;
			buildActionMask = 2147483647;
			files = (
			);
			inputPaths = (
			);
			name = "[CP] Embed Pods Frameworks";
			outputPaths = (
			);
			runOnlyForDeploymentPostprocessing = 0;
			shellPath = /bin/sh;
			shellScript = "\"${SRCROOT}/Pods/Target Support Files/Pods-TipCalcKitTests/Pods-TipCalcKitTests-frameworks.sh\"\n";
			showEnvVarsInLog = 0;
		};
		A7A224851352B9031B6429A4 /* [CP] Copy Pods Resources */ = {
			isa = PBXShellScriptBuildPhase;
			buildActionMask = 2147483647;
			files = (
			);
			inputPaths = (
			);
			name = "[CP] Copy Pods Resources";
			outputPaths = (
			);
			runOnlyForDeploymentPostprocessing = 0;
			shellPath = /bin/sh;
			shellScript = "\"${SRCROOT}/Pods/Target Support Files/Pods-TipCalcUITests/Pods-TipCalcUITests-resources.sh\"\n";
			showEnvVarsInLog = 0;
		};
		A8FD5B9BE0561F3DD9B16DA0 /* [CP] Check Pods Manifest.lock */ = {
			isa = PBXShellScriptBuildPhase;
			buildActionMask = 2147483647;
			files = (
			);
			inputPaths = (
				"${PODS_PODFILE_DIR_PATH}/Podfile.lock",
				"${PODS_ROOT}/Manifest.lock",
			);
			name = "[CP] Check Pods Manifest.lock";
			outputPaths = (
				"$(DERIVED_FILE_DIR)/Pods-TipCalcKit-checkManifestLockResult.txt",
			);
			runOnlyForDeploymentPostprocessing = 0;
			shellPath = /bin/sh;
			shellScript = "diff \"${PODS_PODFILE_DIR_PATH}/Podfile.lock\" \"${PODS_ROOT}/Manifest.lock\" > /dev/null\nif [ $? != 0 ] ; then\n    # print error to STDERR\n    echo \"error: The sandbox is not in sync with the Podfile.lock. Run 'pod install' or update your CocoaPods installation.\" >&2\n    exit 1\nfi\n# This output is used by Xcode 'outputs' to avoid re-running this script phase.\necho \"SUCCESS\" > \"${SCRIPT_OUTPUT_FILE_0}\"\n";
			showEnvVarsInLog = 0;
		};
		AE8295889B65301624925B16 /* [CP] Copy Pods Resources */ = {
			isa = PBXShellScriptBuildPhase;
			buildActionMask = 2147483647;
			files = (
			);
			inputPaths = (
			);
			name = "[CP] Copy Pods Resources";
			outputPaths = (
			);
			runOnlyForDeploymentPostprocessing = 0;
			shellPath = /bin/sh;
			shellScript = "\"${SRCROOT}/Pods/Target Support Files/Pods-TipCalc/Pods-TipCalc-resources.sh\"\n";
			showEnvVarsInLog = 0;
		};
		B7388DEE84477BDD667128EE /* [CP] Check Pods Manifest.lock */ = {
			isa = PBXShellScriptBuildPhase;
			buildActionMask = 2147483647;
			files = (
			);
			inputPaths = (
				"${PODS_PODFILE_DIR_PATH}/Podfile.lock",
				"${PODS_ROOT}/Manifest.lock",
			);
			name = "[CP] Check Pods Manifest.lock";
			outputPaths = (
				"$(DERIVED_FILE_DIR)/Pods-TipCalcUITests-checkManifestLockResult.txt",
			);
			runOnlyForDeploymentPostprocessing = 0;
			shellPath = /bin/sh;
			shellScript = "diff \"${PODS_PODFILE_DIR_PATH}/Podfile.lock\" \"${PODS_ROOT}/Manifest.lock\" > /dev/null\nif [ $? != 0 ] ; then\n    # print error to STDERR\n    echo \"error: The sandbox is not in sync with the Podfile.lock. Run 'pod install' or update your CocoaPods installation.\" >&2\n    exit 1\nfi\n# This output is used by Xcode 'outputs' to avoid re-running this script phase.\necho \"SUCCESS\" > \"${SCRIPT_OUTPUT_FILE_0}\"\n";
			showEnvVarsInLog = 0;
		};
		BAFB4951C0DAD271E9ACEAE7 /* [CP] Copy Pods Resources */ = {
			isa = PBXShellScriptBuildPhase;
			buildActionMask = 2147483647;
			files = (
			);
			inputPaths = (
			);
			name = "[CP] Copy Pods Resources";
			outputPaths = (
			);
			runOnlyForDeploymentPostprocessing = 0;
			shellPath = /bin/sh;
			shellScript = "\"${SRCROOT}/Pods/Target Support Files/Pods-TipCalcKitTests/Pods-TipCalcKitTests-resources.sh\"\n";
			showEnvVarsInLog = 0;
		};
		BFE2E6849811089D35667F4B /* [CP] Check Pods Manifest.lock */ = {
			isa = PBXShellScriptBuildPhase;
			buildActionMask = 2147483647;
			files = (
			);
			inputPaths = (
				"${PODS_PODFILE_DIR_PATH}/Podfile.lock",
				"${PODS_ROOT}/Manifest.lock",
			);
			name = "[CP] Check Pods Manifest.lock";
			outputPaths = (
				"$(DERIVED_FILE_DIR)/Pods-TipCalc-checkManifestLockResult.txt",
			);
			runOnlyForDeploymentPostprocessing = 0;
			shellPath = /bin/sh;
			shellScript = "diff \"${PODS_PODFILE_DIR_PATH}/Podfile.lock\" \"${PODS_ROOT}/Manifest.lock\" > /dev/null\nif [ $? != 0 ] ; then\n    # print error to STDERR\n    echo \"error: The sandbox is not in sync with the Podfile.lock. Run 'pod install' or update your CocoaPods installation.\" >&2\n    exit 1\nfi\n# This output is used by Xcode 'outputs' to avoid re-running this script phase.\necho \"SUCCESS\" > \"${SCRIPT_OUTPUT_FILE_0}\"\n";
			showEnvVarsInLog = 0;
		};
		D6094B585660D914A51F5780 /* [CP] Embed Pods Frameworks */ = {
			isa = PBXShellScriptBuildPhase;
			buildActionMask = 2147483647;
			files = (
			);
			inputPaths = (
			);
			name = "[CP] Embed Pods Frameworks";
			outputPaths = (
			);
			runOnlyForDeploymentPostprocessing = 0;
			shellPath = /bin/sh;
			shellScript = "\"${SRCROOT}/Pods/Target Support Files/Pods-TipCalcTests/Pods-TipCalcTests-frameworks.sh\"\n";
			showEnvVarsInLog = 0;
		};
		E827BD34504EADA34B58E5B5 /* [CP] Copy Pods Resources */ = {
			isa = PBXShellScriptBuildPhase;
			buildActionMask = 2147483647;
			files = (
			);
			inputPaths = (
			);
			name = "[CP] Copy Pods Resources";
			outputPaths = (
			);
			runOnlyForDeploymentPostprocessing = 0;
			shellPath = /bin/sh;
			shellScript = "\"${SRCROOT}/Pods/Target Support Files/Pods-TipCalcTodayWidget/Pods-TipCalcTodayWidget-resources.sh\"\n";
			showEnvVarsInLog = 0;
		};
		F011FFCC1101593FA6B99310 /* [CP] Check Pods Manifest.lock */ = {
			isa = PBXShellScriptBuildPhase;
			buildActionMask = 2147483647;
			files = (
			);
			inputPaths = (
				"${PODS_PODFILE_DIR_PATH}/Podfile.lock",
				"${PODS_ROOT}/Manifest.lock",
			);
			name = "[CP] Check Pods Manifest.lock";
			outputPaths = (
				"$(DERIVED_FILE_DIR)/Pods-TipCalcTodayWidget-checkManifestLockResult.txt",
			);
			runOnlyForDeploymentPostprocessing = 0;
			shellPath = /bin/sh;
			shellScript = "diff \"${PODS_PODFILE_DIR_PATH}/Podfile.lock\" \"${PODS_ROOT}/Manifest.lock\" > /dev/null\nif [ $? != 0 ] ; then\n    # print error to STDERR\n    echo \"error: The sandbox is not in sync with the Podfile.lock. Run 'pod install' or update your CocoaPods installation.\" >&2\n    exit 1\nfi\n# This output is used by Xcode 'outputs' to avoid re-running this script phase.\necho \"SUCCESS\" > \"${SCRIPT_OUTPUT_FILE_0}\"\n";
			showEnvVarsInLog = 0;
		};
		FB2EE1E986E684556DA40A43 /* [CP] Check Pods Manifest.lock */ = {
			isa = PBXShellScriptBuildPhase;
			buildActionMask = 2147483647;
			files = (
			);
			inputPaths = (
				"${PODS_PODFILE_DIR_PATH}/Podfile.lock",
				"${PODS_ROOT}/Manifest.lock",
			);
			name = "[CP] Check Pods Manifest.lock";
			outputPaths = (
				"$(DERIVED_FILE_DIR)/Pods-TipCalcKitTests-checkManifestLockResult.txt",
			);
			runOnlyForDeploymentPostprocessing = 0;
			shellPath = /bin/sh;
			shellScript = "diff \"${PODS_PODFILE_DIR_PATH}/Podfile.lock\" \"${PODS_ROOT}/Manifest.lock\" > /dev/null\nif [ $? != 0 ] ; then\n    # print error to STDERR\n    echo \"error: The sandbox is not in sync with the Podfile.lock. Run 'pod install' or update your CocoaPods installation.\" >&2\n    exit 1\nfi\n# This output is used by Xcode 'outputs' to avoid re-running this script phase.\necho \"SUCCESS\" > \"${SCRIPT_OUTPUT_FILE_0}\"\n";
			showEnvVarsInLog = 0;
		};
/* End PBXShellScriptBuildPhase section */

/* Begin PBXSourcesBuildPhase section */
		E9DDA0BA1E6F90770080F791 /* Sources */ = {
			isa = PBXSourcesBuildPhase;
			buildActionMask = 2147483647;
			files = (
				E9C63A8A1E738C2400258574 /* TipCalcViewController.swift in Sources */,
				E9C5D3171E8F2FBD001007EF /* RecordsTableViewController.swift in Sources */,
				E9628CD21E70991E008C9BF6 /* SettingViewController.swift in Sources */,
				E9416AD51E771A6600EA17AD /* BillViewController.swift in Sources */,
				E9628CCF1E709849008C9BF6 /* FlatColors.swift in Sources */,
				E9C5D3111E8DFD38001007EF /* DatabaseUtility.swift in Sources */,
				E9C5D31C1E8F718F001007EF /* RecordsTableViewCell.swift in Sources */,
				E9C73CB81E7628A600D90405 /* BillItem.swift in Sources */,
				E9C5D31F1E8F8208001007EF /* RecordDetailViewController.swift in Sources */,
				E9C5D3211E8FB01C001007EF /* MsgDisplay.swift in Sources */,
				E90EE0631E77330A00B15F31 /* BillView.swift in Sources */,
				E9C5D3191E8F301B001007EF /* StatisticsTableViewController.swift in Sources */,
				E9C63A8C1E74AD3400258574 /* AboutViewController.swift in Sources */,
				E9DDA13B1E6FCC000080F791 /* TipCalculator.swift in Sources */,
				E9C5D3151E8F2F60001007EF /* BillsContainerViewController.swift in Sources */,
				E9DDA0C21E6F90770080F791 /* AppDelegate.swift in Sources */,
				E9628CCC1E70955C008C9BF6 /* TipCalcDataManager.swift in Sources */,
				E9E0CF791FCDD4D5004A6DE5 /* UIShare.swift in Sources */,
				E9A0D5981E9114BA000A1067 /* StatisticsUtility.swift in Sources */,
			);
			runOnlyForDeploymentPostprocessing = 0;
		};
		E9DDA0CE1E6F90770080F791 /* Sources */ = {
			isa = PBXSourcesBuildPhase;
			buildActionMask = 2147483647;
			files = (
				E9DDA0D71E6F90770080F791 /* TipCalcTests.swift in Sources */,
			);
			runOnlyForDeploymentPostprocessing = 0;
		};
		E9DDA0D91E6F90770080F791 /* Sources */ = {
			isa = PBXSourcesBuildPhase;
			buildActionMask = 2147483647;
			files = (
				E9DDA0E21E6F90770080F791 /* TipCalcUITests.swift in Sources */,
			);
			runOnlyForDeploymentPostprocessing = 0;
		};
		E9DDA0EF1E6F92DE0080F791 /* Sources */ = {
			isa = PBXSourcesBuildPhase;
			buildActionMask = 2147483647;
			files = (
				E9628CCB1E70955A008C9BF6 /* TipCalcDataManager.swift in Sources */,
				E9D031311E707E6000C720B4 /* TodayActualViewController.swift in Sources */,
				E9DDA1391E6FC5DE0080F791 /* TipCalculator.swift in Sources */,
				E9C73CB91E7628A800D90405 /* BillItem.swift in Sources */,
				E9E0CF7A1FCDD4D5004A6DE5 /* UIShare.swift in Sources */,
				E9628CD01E70984A008C9BF6 /* FlatColors.swift in Sources */,
				E9DDA0F81E6F92DE0080F791 /* TodayViewController.swift in Sources */,
			);
			runOnlyForDeploymentPostprocessing = 0;
		};
		E9DDA1041E6F92FF0080F791 /* Sources */ = {
			isa = PBXSourcesBuildPhase;
			buildActionMask = 2147483647;
			files = (
				E9628CCE1E7097CD008C9BF6 /* FlatColors.swift in Sources */,
				E9628CCA1E709555008C9BF6 /* TipCalcDataManager.swift in Sources */,
				E9E0CF7B1FCDD4D5004A6DE5 /* UIShare.swift in Sources */,
				E9DDA1341E6FBBC60080F791 /* TipCalculator.swift in Sources */,
				E9C73CB71E7628A300D90405 /* BillItem.swift in Sources */,
			);
			runOnlyForDeploymentPostprocessing = 0;
		};
		E9DDA10D1E6F92FF0080F791 /* Sources */ = {
			isa = PBXSourcesBuildPhase;
			buildActionMask = 2147483647;
			files = (
				E9DDA1191E6F92FF0080F791 /* TipCalcKitTests.swift in Sources */,
			);
			runOnlyForDeploymentPostprocessing = 0;
		};
		E9E0CF541FCD6466004A6DE5 /* Sources */ = {
			isa = PBXSourcesBuildPhase;
			buildActionMask = 2147483647;
			files = (
				E9E0CF7C1FCDD4E4004A6DE5 /* FlatColors.swift in Sources */,
				E9E0CF621FCD6466004A6DE5 /* NotificationController.swift in Sources */,
				E9E0CF721FCDD210004A6DE5 /* TipCalculator.swift in Sources */,
				E9E0CF771FCDD388004A6DE5 /* TipCalcDataManager.swift in Sources */,
				E9E0CF741FCDD218004A6DE5 /* BillItem.swift in Sources */,
				E9E0CF601FCD6466004A6DE5 /* ExtensionDelegate.swift in Sources */,
				E9E0CF5E1FCD6466004A6DE5 /* InterfaceController.swift in Sources */,
			);
			runOnlyForDeploymentPostprocessing = 0;
		};
/* End PBXSourcesBuildPhase section */

/* Begin PBXTargetDependency section */
		E9DDA0D41E6F90770080F791 /* PBXTargetDependency */ = {
			isa = PBXTargetDependency;
			target = E9DDA0BD1E6F90770080F791 /* TipCalc */;
			targetProxy = E9DDA0D31E6F90770080F791 /* PBXContainerItemProxy */;
		};
		E9DDA0DF1E6F90770080F791 /* PBXTargetDependency */ = {
			isa = PBXTargetDependency;
			target = E9DDA0BD1E6F90770080F791 /* TipCalc */;
			targetProxy = E9DDA0DE1E6F90770080F791 /* PBXContainerItemProxy */;
		};
		E9DDA0FE1E6F92DE0080F791 /* PBXTargetDependency */ = {
			isa = PBXTargetDependency;
			target = E9DDA0F21E6F92DE0080F791 /* TipCalcTodayWidget */;
			targetProxy = E9DDA0FD1E6F92DE0080F791 /* PBXContainerItemProxy */;
		};
		E9DDA1141E6F92FF0080F791 /* PBXTargetDependency */ = {
			isa = PBXTargetDependency;
			target = E9DDA1081E6F92FF0080F791 /* TipCalcKit */;
			targetProxy = E9DDA1131E6F92FF0080F791 /* PBXContainerItemProxy */;
		};
		E9DDA1161E6F92FF0080F791 /* PBXTargetDependency */ = {
			isa = PBXTargetDependency;
			target = E9DDA0BD1E6F90770080F791 /* TipCalc */;
			targetProxy = E9DDA1151E6F92FF0080F791 /* PBXContainerItemProxy */;
		};
		E9DDA11D1E6F92FF0080F791 /* PBXTargetDependency */ = {
			isa = PBXTargetDependency;
			target = E9DDA1081E6F92FF0080F791 /* TipCalcKit */;
			targetProxy = E9DDA11C1E6F92FF0080F791 /* PBXContainerItemProxy */;
		};
		E9E0CF5B1FCD6466004A6DE5 /* PBXTargetDependency */ = {
			isa = PBXTargetDependency;
			target = E9E0CF571FCD6466004A6DE5 /* TipCalcWatch Extension */;
			targetProxy = E9E0CF5A1FCD6466004A6DE5 /* PBXContainerItemProxy */;
		};
		E9E0CF681FCD6466004A6DE5 /* PBXTargetDependency */ = {
			isa = PBXTargetDependency;
			target = E9E0CF4B1FCD6466004A6DE5 /* TipCalcWatch */;
			targetProxy = E9E0CF671FCD6466004A6DE5 /* PBXContainerItemProxy */;
		};
/* End PBXTargetDependency section */

/* Begin PBXVariantGroup section */
		E9DDA0C51E6F90770080F791 /* Main.storyboard */ = {
			isa = PBXVariantGroup;
			children = (
				E9DDA0C61E6F90770080F791 /* Base */,
			);
			name = Main.storyboard;
			sourceTree = "<group>";
		};
		E9DDA0CA1E6F90770080F791 /* LaunchScreen.storyboard */ = {
			isa = PBXVariantGroup;
			children = (
				E9DDA0CB1E6F90770080F791 /* Base */,
			);
			name = LaunchScreen.storyboard;
			sourceTree = "<group>";
		};
		E9E0CF4E1FCD6466004A6DE5 /* Interface.storyboard */ = {
			isa = PBXVariantGroup;
			children = (
				E9E0CF4F1FCD6466004A6DE5 /* Base */,
			);
			name = Interface.storyboard;
			sourceTree = "<group>";
		};
/* End PBXVariantGroup section */

/* Begin XCBuildConfiguration section */
		E9DDA0E41E6F90770080F791 /* Debug */ = {
			isa = XCBuildConfiguration;
			buildSettings = {
				ALWAYS_SEARCH_USER_PATHS = NO;
				CLANG_ANALYZER_NONNULL = YES;
				CLANG_CXX_LANGUAGE_STANDARD = "gnu++0x";
				CLANG_CXX_LIBRARY = "libc++";
				CLANG_ENABLE_MODULES = YES;
				CLANG_ENABLE_OBJC_ARC = YES;
				CLANG_WARN_BLOCK_CAPTURE_AUTORELEASING = YES;
				CLANG_WARN_BOOL_CONVERSION = YES;
				CLANG_WARN_COMMA = YES;
				CLANG_WARN_CONSTANT_CONVERSION = YES;
				CLANG_WARN_DIRECT_OBJC_ISA_USAGE = YES_ERROR;
				CLANG_WARN_DOCUMENTATION_COMMENTS = YES;
				CLANG_WARN_EMPTY_BODY = YES;
				CLANG_WARN_ENUM_CONVERSION = YES;
				CLANG_WARN_INFINITE_RECURSION = YES;
				CLANG_WARN_INT_CONVERSION = YES;
				CLANG_WARN_NON_LITERAL_NULL_CONVERSION = YES;
				CLANG_WARN_OBJC_LITERAL_CONVERSION = YES;
				CLANG_WARN_OBJC_ROOT_CLASS = YES_ERROR;
				CLANG_WARN_RANGE_LOOP_ANALYSIS = YES;
				CLANG_WARN_STRICT_PROTOTYPES = YES;
				CLANG_WARN_SUSPICIOUS_MOVE = YES;
				CLANG_WARN_UNREACHABLE_CODE = YES;
				CLANG_WARN__DUPLICATE_METHOD_MATCH = YES;
				"CODE_SIGN_IDENTITY[sdk=iphoneos*]" = "iPhone Developer";
				COPY_PHASE_STRIP = NO;
				DEBUG_INFORMATION_FORMAT = dwarf;
				ENABLE_STRICT_OBJC_MSGSEND = YES;
				ENABLE_TESTABILITY = YES;
				GCC_C_LANGUAGE_STANDARD = gnu99;
				GCC_DYNAMIC_NO_PIC = NO;
				GCC_NO_COMMON_BLOCKS = YES;
				GCC_OPTIMIZATION_LEVEL = 0;
				GCC_PREPROCESSOR_DEFINITIONS = (
					"DEBUG=1",
					"$(inherited)",
				);
				GCC_WARN_64_TO_32_BIT_CONVERSION = YES;
				GCC_WARN_ABOUT_RETURN_TYPE = YES_ERROR;
				GCC_WARN_UNDECLARED_SELECTOR = YES;
				GCC_WARN_UNINITIALIZED_AUTOS = YES_AGGRESSIVE;
				GCC_WARN_UNUSED_FUNCTION = YES;
				GCC_WARN_UNUSED_VARIABLE = YES;
				IPHONEOS_DEPLOYMENT_TARGET = 10.0;
				MTL_ENABLE_DEBUG_INFO = YES;
				ONLY_ACTIVE_ARCH = YES;
				SDKROOT = iphoneos;
				SWIFT_ACTIVE_COMPILATION_CONDITIONS = DEBUG;
				SWIFT_OPTIMIZATION_LEVEL = "-Onone";
				TARGETED_DEVICE_FAMILY = "1,2";
			};
			name = Debug;
		};
		E9DDA0E51E6F90770080F791 /* Release */ = {
			isa = XCBuildConfiguration;
			buildSettings = {
				ALWAYS_SEARCH_USER_PATHS = NO;
				CLANG_ANALYZER_NONNULL = YES;
				CLANG_CXX_LANGUAGE_STANDARD = "gnu++0x";
				CLANG_CXX_LIBRARY = "libc++";
				CLANG_ENABLE_MODULES = YES;
				CLANG_ENABLE_OBJC_ARC = YES;
				CLANG_WARN_BLOCK_CAPTURE_AUTORELEASING = YES;
				CLANG_WARN_BOOL_CONVERSION = YES;
				CLANG_WARN_COMMA = YES;
				CLANG_WARN_CONSTANT_CONVERSION = YES;
				CLANG_WARN_DIRECT_OBJC_ISA_USAGE = YES_ERROR;
				CLANG_WARN_DOCUMENTATION_COMMENTS = YES;
				CLANG_WARN_EMPTY_BODY = YES;
				CLANG_WARN_ENUM_CONVERSION = YES;
				CLANG_WARN_INFINITE_RECURSION = YES;
				CLANG_WARN_INT_CONVERSION = YES;
				CLANG_WARN_NON_LITERAL_NULL_CONVERSION = YES;
				CLANG_WARN_OBJC_LITERAL_CONVERSION = YES;
				CLANG_WARN_OBJC_ROOT_CLASS = YES_ERROR;
				CLANG_WARN_RANGE_LOOP_ANALYSIS = YES;
				CLANG_WARN_STRICT_PROTOTYPES = YES;
				CLANG_WARN_SUSPICIOUS_MOVE = YES;
				CLANG_WARN_UNREACHABLE_CODE = YES;
				CLANG_WARN__DUPLICATE_METHOD_MATCH = YES;
				"CODE_SIGN_IDENTITY[sdk=iphoneos*]" = "iPhone Developer";
				COPY_PHASE_STRIP = NO;
				DEBUG_INFORMATION_FORMAT = "dwarf-with-dsym";
				ENABLE_NS_ASSERTIONS = NO;
				ENABLE_STRICT_OBJC_MSGSEND = YES;
				GCC_C_LANGUAGE_STANDARD = gnu99;
				GCC_NO_COMMON_BLOCKS = YES;
				GCC_WARN_64_TO_32_BIT_CONVERSION = YES;
				GCC_WARN_ABOUT_RETURN_TYPE = YES_ERROR;
				GCC_WARN_UNDECLARED_SELECTOR = YES;
				GCC_WARN_UNINITIALIZED_AUTOS = YES_AGGRESSIVE;
				GCC_WARN_UNUSED_FUNCTION = YES;
				GCC_WARN_UNUSED_VARIABLE = YES;
				IPHONEOS_DEPLOYMENT_TARGET = 10.0;
				MTL_ENABLE_DEBUG_INFO = NO;
				SDKROOT = iphoneos;
				SWIFT_OPTIMIZATION_LEVEL = "-Owholemodule";
				TARGETED_DEVICE_FAMILY = "1,2";
				VALIDATE_PRODUCT = YES;
			};
			name = Release;
		};
		E9DDA0E71E6F90770080F791 /* Debug */ = {
			isa = XCBuildConfiguration;
			baseConfigurationReference = AE0A8661147BB91C42A2AC36 /* Pods-TipCalc.debug.xcconfig */;
			buildSettings = {
				ALWAYS_EMBED_SWIFT_STANDARD_LIBRARIES = YES;
				ASSETCATALOG_COMPILER_APPICON_NAME = AppIcon;
				CODE_SIGN_ENTITLEMENTS = TipCalc/TipCalc.entitlements;
				DEVELOPMENT_TEAM = 3998KQRV7C;
				INFOPLIST_FILE = TipCalc/Info.plist;
				IPHONEOS_DEPLOYMENT_TARGET = 10.0;
				LD_RUNPATH_SEARCH_PATHS = "$(inherited) @executable_path/Frameworks";
				PRODUCT_BUNDLE_IDENTIFIER = cmu.yuboqin.TipCalc;
				PRODUCT_NAME = "$(TARGET_NAME)";
				SWIFT_VERSION = 4.0;
			};
			name = Debug;
		};
		E9DDA0E81E6F90770080F791 /* Release */ = {
			isa = XCBuildConfiguration;
			baseConfigurationReference = 961FC59749B82B21F3F26278 /* Pods-TipCalc.release.xcconfig */;
			buildSettings = {
				ALWAYS_EMBED_SWIFT_STANDARD_LIBRARIES = YES;
				ASSETCATALOG_COMPILER_APPICON_NAME = AppIcon;
				CODE_SIGN_ENTITLEMENTS = TipCalc/TipCalc.entitlements;
				DEVELOPMENT_TEAM = 3998KQRV7C;
				INFOPLIST_FILE = TipCalc/Info.plist;
				IPHONEOS_DEPLOYMENT_TARGET = 10.0;
				LD_RUNPATH_SEARCH_PATHS = "$(inherited) @executable_path/Frameworks";
				PRODUCT_BUNDLE_IDENTIFIER = cmu.yuboqin.TipCalc;
				PRODUCT_NAME = "$(TARGET_NAME)";
				SWIFT_VERSION = 4.0;
			};
			name = Release;
		};
		E9DDA0EA1E6F90770080F791 /* Debug */ = {
			isa = XCBuildConfiguration;
			baseConfigurationReference = A7B8B6571C0B6BA64BA15FA6 /* Pods-TipCalcTests.debug.xcconfig */;
			buildSettings = {
				ALWAYS_EMBED_SWIFT_STANDARD_LIBRARIES = YES;
				BUNDLE_LOADER = "$(TEST_HOST)";
				DEVELOPMENT_TEAM = 3998KQRV7C;
				INFOPLIST_FILE = TipCalcTests/Info.plist;
				LD_RUNPATH_SEARCH_PATHS = "$(inherited) @executable_path/Frameworks @loader_path/Frameworks";
				PRODUCT_BUNDLE_IDENTIFIER = cmu.yuboqin.TipCalcTests;
				PRODUCT_NAME = "$(TARGET_NAME)";
				SWIFT_VERSION = 4.0;
				TEST_HOST = "$(BUILT_PRODUCTS_DIR)/TipCalc.app/TipCalc";
			};
			name = Debug;
		};
		E9DDA0EB1E6F90770080F791 /* Release */ = {
			isa = XCBuildConfiguration;
			baseConfigurationReference = 182C85EC010D7C4883BA9B20 /* Pods-TipCalcTests.release.xcconfig */;
			buildSettings = {
				ALWAYS_EMBED_SWIFT_STANDARD_LIBRARIES = YES;
				BUNDLE_LOADER = "$(TEST_HOST)";
				DEVELOPMENT_TEAM = 3998KQRV7C;
				INFOPLIST_FILE = TipCalcTests/Info.plist;
				LD_RUNPATH_SEARCH_PATHS = "$(inherited) @executable_path/Frameworks @loader_path/Frameworks";
				PRODUCT_BUNDLE_IDENTIFIER = cmu.yuboqin.TipCalcTests;
				PRODUCT_NAME = "$(TARGET_NAME)";
				SWIFT_VERSION = 4.0;
				TEST_HOST = "$(BUILT_PRODUCTS_DIR)/TipCalc.app/TipCalc";
			};
			name = Release;
		};
		E9DDA0ED1E6F90770080F791 /* Debug */ = {
			isa = XCBuildConfiguration;
			baseConfigurationReference = F41369EC887354B29B64A94E /* Pods-TipCalcUITests.debug.xcconfig */;
			buildSettings = {
				ALWAYS_EMBED_SWIFT_STANDARD_LIBRARIES = YES;
				DEVELOPMENT_TEAM = 3998KQRV7C;
				INFOPLIST_FILE = TipCalcUITests/Info.plist;
				LD_RUNPATH_SEARCH_PATHS = "$(inherited) @executable_path/Frameworks @loader_path/Frameworks";
				PRODUCT_BUNDLE_IDENTIFIER = cmu.yuboqin.TipCalcUITests;
				PRODUCT_NAME = "$(TARGET_NAME)";
				SWIFT_VERSION = 4.0;
				TEST_TARGET_NAME = TipCalc;
			};
			name = Debug;
		};
		E9DDA0EE1E6F90770080F791 /* Release */ = {
			isa = XCBuildConfiguration;
			baseConfigurationReference = 57FC2D6291D242ADD7621873 /* Pods-TipCalcUITests.release.xcconfig */;
			buildSettings = {
				ALWAYS_EMBED_SWIFT_STANDARD_LIBRARIES = YES;
				DEVELOPMENT_TEAM = 3998KQRV7C;
				INFOPLIST_FILE = TipCalcUITests/Info.plist;
				LD_RUNPATH_SEARCH_PATHS = "$(inherited) @executable_path/Frameworks @loader_path/Frameworks";
				PRODUCT_BUNDLE_IDENTIFIER = cmu.yuboqin.TipCalcUITests;
				PRODUCT_NAME = "$(TARGET_NAME)";
				SWIFT_VERSION = 4.0;
				TEST_TARGET_NAME = TipCalc;
			};
			name = Release;
		};
		E9DDA1001E6F92DE0080F791 /* Debug */ = {
			isa = XCBuildConfiguration;
			baseConfigurationReference = D41CB37794D3361F50D4F505 /* Pods-TipCalcTodayWidget.debug.xcconfig */;
			buildSettings = {
				CODE_SIGN_ENTITLEMENTS = TipCalcTodayWidget/TipCalcTodayWidget.entitlements;
				DEVELOPMENT_TEAM = 3998KQRV7C;
				INFOPLIST_FILE = TipCalcTodayWidget/Info.plist;
				IPHONEOS_DEPLOYMENT_TARGET = 10.0;
				LD_RUNPATH_SEARCH_PATHS = "$(inherited) @executable_path/Frameworks @executable_path/../../Frameworks";
				PRODUCT_BUNDLE_IDENTIFIER = cmu.yuboqin.TipCalc.TipCalcTodayWidget;
				PRODUCT_NAME = "$(TARGET_NAME)";
				SKIP_INSTALL = YES;
				SWIFT_VERSION = 4.0;
			};
			name = Debug;
		};
		E9DDA1011E6F92DE0080F791 /* Release */ = {
			isa = XCBuildConfiguration;
			baseConfigurationReference = 38D5F17AB73B50DBC94EC5F9 /* Pods-TipCalcTodayWidget.release.xcconfig */;
			buildSettings = {
				CODE_SIGN_ENTITLEMENTS = TipCalcTodayWidget/TipCalcTodayWidget.entitlements;
				DEVELOPMENT_TEAM = 3998KQRV7C;
				INFOPLIST_FILE = TipCalcTodayWidget/Info.plist;
				IPHONEOS_DEPLOYMENT_TARGET = 10.0;
				LD_RUNPATH_SEARCH_PATHS = "$(inherited) @executable_path/Frameworks @executable_path/../../Frameworks";
				PRODUCT_BUNDLE_IDENTIFIER = cmu.yuboqin.TipCalc.TipCalcTodayWidget;
				PRODUCT_NAME = "$(TARGET_NAME)";
				SKIP_INSTALL = YES;
				SWIFT_VERSION = 4.0;
			};
			name = Release;
		};
		E9DDA1211E6F92FF0080F791 /* Debug */ = {
			isa = XCBuildConfiguration;
			baseConfigurationReference = 784BA7D0704B2C427B4A1CAC /* Pods-TipCalcKit.debug.xcconfig */;
			buildSettings = {
				APPLICATION_EXTENSION_API_ONLY = YES;
				CLANG_ENABLE_MODULES = YES;
				CODE_SIGN_IDENTITY = "";
				CURRENT_PROJECT_VERSION = 1;
				DEFINES_MODULE = YES;
				DEVELOPMENT_TEAM = 3998KQRV7C;
				DYLIB_COMPATIBILITY_VERSION = 1;
				DYLIB_CURRENT_VERSION = 1;
				DYLIB_INSTALL_NAME_BASE = "@rpath";
				INFOPLIST_FILE = TipCalcKit/Info.plist;
				INSTALL_PATH = "$(LOCAL_LIBRARY_DIR)/Frameworks";
				IPHONEOS_DEPLOYMENT_TARGET = 9.0;
				LD_RUNPATH_SEARCH_PATHS = "$(inherited) @executable_path/Frameworks @loader_path/Frameworks";
				PRODUCT_BUNDLE_IDENTIFIER = cmu.yuboqin.TipCalcKit;
				PRODUCT_NAME = "$(TARGET_NAME)";
				SKIP_INSTALL = YES;
				SWIFT_OPTIMIZATION_LEVEL = "-Onone";
				SWIFT_VERSION = 4.0;
				VERSIONING_SYSTEM = "apple-generic";
				VERSION_INFO_PREFIX = "";
			};
			name = Debug;
		};
		E9DDA1221E6F92FF0080F791 /* Release */ = {
			isa = XCBuildConfiguration;
			baseConfigurationReference = 2D86C034A1001CDA1570A07F /* Pods-TipCalcKit.release.xcconfig */;
			buildSettings = {
				APPLICATION_EXTENSION_API_ONLY = YES;
				CLANG_ENABLE_MODULES = YES;
				CODE_SIGN_IDENTITY = "";
				CURRENT_PROJECT_VERSION = 1;
				DEFINES_MODULE = YES;
				DEVELOPMENT_TEAM = 3998KQRV7C;
				DYLIB_COMPATIBILITY_VERSION = 1;
				DYLIB_CURRENT_VERSION = 1;
				DYLIB_INSTALL_NAME_BASE = "@rpath";
				INFOPLIST_FILE = TipCalcKit/Info.plist;
				INSTALL_PATH = "$(LOCAL_LIBRARY_DIR)/Frameworks";
				IPHONEOS_DEPLOYMENT_TARGET = 9.0;
				LD_RUNPATH_SEARCH_PATHS = "$(inherited) @executable_path/Frameworks @loader_path/Frameworks";
				PRODUCT_BUNDLE_IDENTIFIER = cmu.yuboqin.TipCalcKit;
				PRODUCT_NAME = "$(TARGET_NAME)";
				SKIP_INSTALL = YES;
				SWIFT_VERSION = 4.0;
				VERSIONING_SYSTEM = "apple-generic";
				VERSION_INFO_PREFIX = "";
			};
			name = Release;
		};
		E9DDA1251E6F92FF0080F791 /* Debug */ = {
			isa = XCBuildConfiguration;
			baseConfigurationReference = C288B59739FE6F3D6B175D89 /* Pods-TipCalcKitTests.debug.xcconfig */;
			buildSettings = {
				ALWAYS_EMBED_SWIFT_STANDARD_LIBRARIES = YES;
				DEVELOPMENT_TEAM = 3998KQRV7C;
				INFOPLIST_FILE = TipCalcKitTests/Info.plist;
				LD_RUNPATH_SEARCH_PATHS = "$(inherited) @executable_path/Frameworks @loader_path/Frameworks";
				PRODUCT_BUNDLE_IDENTIFIER = cmu.yuboqin.TipCalcKitTests;
				PRODUCT_NAME = "$(TARGET_NAME)";
				SWIFT_VERSION = 4.0;
				TEST_HOST = "$(BUILT_PRODUCTS_DIR)/TipCalc.app/TipCalc";
			};
			name = Debug;
		};
		E9DDA1261E6F92FF0080F791 /* Release */ = {
			isa = XCBuildConfiguration;
			baseConfigurationReference = 5A0CA3FF129CE6E07D59ECDA /* Pods-TipCalcKitTests.release.xcconfig */;
			buildSettings = {
				ALWAYS_EMBED_SWIFT_STANDARD_LIBRARIES = YES;
				DEVELOPMENT_TEAM = 3998KQRV7C;
				INFOPLIST_FILE = TipCalcKitTests/Info.plist;
				LD_RUNPATH_SEARCH_PATHS = "$(inherited) @executable_path/Frameworks @loader_path/Frameworks";
				PRODUCT_BUNDLE_IDENTIFIER = cmu.yuboqin.TipCalcKitTests;
				PRODUCT_NAME = "$(TARGET_NAME)";
				SWIFT_VERSION = 4.0;
				TEST_HOST = "$(BUILT_PRODUCTS_DIR)/TipCalc.app/TipCalc";
			};
			name = Release;
		};
		E9E0CF6A1FCD6466004A6DE5 /* Debug */ = {
			isa = XCBuildConfiguration;
			buildSettings = {
				ALWAYS_EMBED_SWIFT_STANDARD_LIBRARIES = YES;
				ASSETCATALOG_COMPILER_APPICON_NAME = AppIcon;
				CLANG_ANALYZER_NUMBER_OBJECT_CONVERSION = YES_AGGRESSIVE;
				CLANG_CXX_LANGUAGE_STANDARD = "gnu++14";
				CLANG_WARN_UNGUARDED_AVAILABILITY = YES_AGGRESSIVE;
				CODE_SIGN_STYLE = Automatic;
				DEVELOPMENT_TEAM = 3998KQRV7C;
				GCC_C_LANGUAGE_STANDARD = gnu11;
				IBSC_MODULE = TipCalcWatch_Extension;
				INFOPLIST_FILE = TipCalcWatch/Info.plist;
				PRODUCT_BUNDLE_IDENTIFIER = cmu.yuboqin.TipCalc.watchkitapp;
				PRODUCT_NAME = "$(TARGET_NAME)";
				SDKROOT = watchos;
				SKIP_INSTALL = YES;
				SWIFT_VERSION = 4.0;
				TARGETED_DEVICE_FAMILY = 4;
				WATCHOS_DEPLOYMENT_TARGET = 4.1;
			};
			name = Debug;
		};
		E9E0CF6B1FCD6466004A6DE5 /* Release */ = {
			isa = XCBuildConfiguration;
			buildSettings = {
				ALWAYS_EMBED_SWIFT_STANDARD_LIBRARIES = YES;
				ASSETCATALOG_COMPILER_APPICON_NAME = AppIcon;
				CLANG_ANALYZER_NUMBER_OBJECT_CONVERSION = YES_AGGRESSIVE;
				CLANG_CXX_LANGUAGE_STANDARD = "gnu++14";
				CLANG_WARN_UNGUARDED_AVAILABILITY = YES_AGGRESSIVE;
				CODE_SIGN_STYLE = Automatic;
				DEVELOPMENT_TEAM = 3998KQRV7C;
				GCC_C_LANGUAGE_STANDARD = gnu11;
				IBSC_MODULE = TipCalcWatch_Extension;
				INFOPLIST_FILE = TipCalcWatch/Info.plist;
				PRODUCT_BUNDLE_IDENTIFIER = cmu.yuboqin.TipCalc.watchkitapp;
				PRODUCT_NAME = "$(TARGET_NAME)";
				SDKROOT = watchos;
				SKIP_INSTALL = YES;
				SWIFT_VERSION = 4.0;
				TARGETED_DEVICE_FAMILY = 4;
				WATCHOS_DEPLOYMENT_TARGET = 4.1;
			};
			name = Release;
		};
		E9E0CF6C1FCD6466004A6DE5 /* Debug */ = {
			isa = XCBuildConfiguration;
			buildSettings = {
				ASSETCATALOG_COMPILER_COMPLICATION_NAME = Complication;
				CLANG_ANALYZER_NUMBER_OBJECT_CONVERSION = YES_AGGRESSIVE;
				CLANG_CXX_LANGUAGE_STANDARD = "gnu++14";
				CLANG_WARN_UNGUARDED_AVAILABILITY = YES_AGGRESSIVE;
				CODE_SIGN_STYLE = Automatic;
				DEVELOPMENT_TEAM = 3998KQRV7C;
				GCC_C_LANGUAGE_STANDARD = gnu11;
				INFOPLIST_FILE = "TipCalcWatch Extension/Info.plist";
				LD_RUNPATH_SEARCH_PATHS = "$(inherited) @executable_path/Frameworks @executable_path/../../Frameworks";
				PRODUCT_BUNDLE_IDENTIFIER = cmu.yuboqin.TipCalc.watchkitapp.watchkitextension;
				PRODUCT_NAME = "${TARGET_NAME}";
				SDKROOT = watchos;
				SKIP_INSTALL = YES;
				SWIFT_VERSION = 4.0;
				TARGETED_DEVICE_FAMILY = 4;
				WATCHOS_DEPLOYMENT_TARGET = 4.1;
			};
			name = Debug;
		};
		E9E0CF6D1FCD6466004A6DE5 /* Release */ = {
			isa = XCBuildConfiguration;
			buildSettings = {
				ASSETCATALOG_COMPILER_COMPLICATION_NAME = Complication;
				CLANG_ANALYZER_NUMBER_OBJECT_CONVERSION = YES_AGGRESSIVE;
				CLANG_CXX_LANGUAGE_STANDARD = "gnu++14";
				CLANG_WARN_UNGUARDED_AVAILABILITY = YES_AGGRESSIVE;
				CODE_SIGN_STYLE = Automatic;
				DEVELOPMENT_TEAM = 3998KQRV7C;
				GCC_C_LANGUAGE_STANDARD = gnu11;
				INFOPLIST_FILE = "TipCalcWatch Extension/Info.plist";
				LD_RUNPATH_SEARCH_PATHS = "$(inherited) @executable_path/Frameworks @executable_path/../../Frameworks";
				PRODUCT_BUNDLE_IDENTIFIER = cmu.yuboqin.TipCalc.watchkitapp.watchkitextension;
				PRODUCT_NAME = "${TARGET_NAME}";
				SDKROOT = watchos;
				SKIP_INSTALL = YES;
				SWIFT_VERSION = 4.0;
				TARGETED_DEVICE_FAMILY = 4;
				WATCHOS_DEPLOYMENT_TARGET = 4.1;
			};
			name = Release;
		};
/* End XCBuildConfiguration section */

/* Begin XCConfigurationList section */
		E9DDA0B91E6F90770080F791 /* Build configuration list for PBXProject "TipCalc" */ = {
			isa = XCConfigurationList;
			buildConfigurations = (
				E9DDA0E41E6F90770080F791 /* Debug */,
				E9DDA0E51E6F90770080F791 /* Release */,
			);
			defaultConfigurationIsVisible = 0;
			defaultConfigurationName = Release;
		};
		E9DDA0E61E6F90770080F791 /* Build configuration list for PBXNativeTarget "TipCalc" */ = {
			isa = XCConfigurationList;
			buildConfigurations = (
				E9DDA0E71E6F90770080F791 /* Debug */,
				E9DDA0E81E6F90770080F791 /* Release */,
			);
			defaultConfigurationIsVisible = 0;
			defaultConfigurationName = Release;
		};
		E9DDA0E91E6F90770080F791 /* Build configuration list for PBXNativeTarget "TipCalcTests" */ = {
			isa = XCConfigurationList;
			buildConfigurations = (
				E9DDA0EA1E6F90770080F791 /* Debug */,
				E9DDA0EB1E6F90770080F791 /* Release */,
			);
			defaultConfigurationIsVisible = 0;
			defaultConfigurationName = Release;
		};
		E9DDA0EC1E6F90770080F791 /* Build configuration list for PBXNativeTarget "TipCalcUITests" */ = {
			isa = XCConfigurationList;
			buildConfigurations = (
				E9DDA0ED1E6F90770080F791 /* Debug */,
				E9DDA0EE1E6F90770080F791 /* Release */,
			);
			defaultConfigurationIsVisible = 0;
			defaultConfigurationName = Release;
		};
		E9DDA1021E6F92DE0080F791 /* Build configuration list for PBXNativeTarget "TipCalcTodayWidget" */ = {
			isa = XCConfigurationList;
			buildConfigurations = (
				E9DDA1001E6F92DE0080F791 /* Debug */,
				E9DDA1011E6F92DE0080F791 /* Release */,
			);
			defaultConfigurationIsVisible = 0;
			defaultConfigurationName = Release;
		};
		E9DDA1201E6F92FF0080F791 /* Build configuration list for PBXNativeTarget "TipCalcKit" */ = {
			isa = XCConfigurationList;
			buildConfigurations = (
				E9DDA1211E6F92FF0080F791 /* Debug */,
				E9DDA1221E6F92FF0080F791 /* Release */,
			);
			defaultConfigurationIsVisible = 0;
			defaultConfigurationName = Release;
		};
		E9DDA1241E6F92FF0080F791 /* Build configuration list for PBXNativeTarget "TipCalcKitTests" */ = {
			isa = XCConfigurationList;
			buildConfigurations = (
				E9DDA1251E6F92FF0080F791 /* Debug */,
				E9DDA1261E6F92FF0080F791 /* Release */,
			);
			defaultConfigurationIsVisible = 0;
			defaultConfigurationName = Release;
		};
		E9E0CF6E1FCD6466004A6DE5 /* Build configuration list for PBXNativeTarget "TipCalcWatch Extension" */ = {
			isa = XCConfigurationList;
			buildConfigurations = (
				E9E0CF6C1FCD6466004A6DE5 /* Debug */,
				E9E0CF6D1FCD6466004A6DE5 /* Release */,
			);
			defaultConfigurationIsVisible = 0;
			defaultConfigurationName = Release;
		};
		E9E0CF701FCD6466004A6DE5 /* Build configuration list for PBXNativeTarget "TipCalcWatch" */ = {
			isa = XCConfigurationList;
			buildConfigurations = (
				E9E0CF6A1FCD6466004A6DE5 /* Debug */,
				E9E0CF6B1FCD6466004A6DE5 /* Release */,
			);
			defaultConfigurationIsVisible = 0;
			defaultConfigurationName = Release;
		};
/* End XCConfigurationList section */
	};
	rootObject = E9DDA0B61E6F90770080F791 /* Project object */;
}
